
Microsoft Visual Studio Solution File, Format Version 12.00
# Visual Studio Version 16
VisualStudioVersion = 16.0.30114.105
MinimumVisualStudioVersion = 10.0.40219.1
Project("{9A19103F-16F7-4668-BE54-9A1E7A4F7556}") = "R5T.F0019", "R5T.F0019\R5T.F0019.csproj", "{256BC561-469E-48F9-AE6D-695829B0EE55}"
EndProject
Project("{2150E333-8FDC-42A3-9474-1A3956D46DE8}") = "_Dependencies", "_Dependencies", "{AA00BF75-8BE5-4753-B642-9BA80B3D3E5E}"
EndProject
Project("{9A19103F-16F7-4668-BE54-9A1E7A4F7556}") = "R5T.L0001", "..\..\R5T.L0001\source\R5T.L0001\R5T.L0001.csproj", "{0D8F35E2-6114-4C25-BEEC-9EDC05579DC9}"
EndProject
Project("{9A19103F-16F7-4668-BE54-9A1E7A4F7556}") = "R5T.L0001.Y000", "..\..\R5T.L0001\source\R5T.L0001.Y000\R5T.L0001.Y000.csproj", "{DB294D67-5A8F-45E2-A0B9-9A35EDF1BECA}"
EndProject
Project("{9A19103F-16F7-4668-BE54-9A1E7A4F7556}") = "R5T.Y0004", "..\..\R5T.Y0004\source\R5T.Y0004\R5T.Y0004.csproj", "{8E36872E-40C6-4DFD-9C4E-A1262593E1F6}"
EndProject
Project("{9A19103F-16F7-4668-BE54-9A1E7A4F7556}") = "R5T.T0132", "..\..\R5T.T0132\source\R5T.T0132\R5T.T0132.csproj", "{6A92A26D-687A-4E25-B738-EE9F3FE1E1C5}"
EndProject
Project("{9A19103F-16F7-4668-BE54-9A1E7A4F7556}") = "R5T.Z0005", "..\..\R5T.Z0005\source\R5T.Z0005\R5T.Z0005.csproj", "{6CA6CF68-0CFD-4349-A4C0-1E9D4869B9FE}"
EndProject
Project("{9A19103F-16F7-4668-BE54-9A1E7A4F7556}") = "R5T.L0001.Z000", "..\..\R5T.L0001\source\R5T.L0001.Z000\R5T.L0001.Z000.csproj", "{AF962220-9A24-4DE0-A1E2-3BAF38D3EF65}"
EndProject
Project("{9A19103F-16F7-4668-BE54-9A1E7A4F7556}") = "R5T.T0131", "..\..\R5T.T0131\source\R5T.T0131\R5T.T0131.csproj", "{3656EC46-A5E3-4A02-B491-6885D7765500}"
EndProject
Project("{9A19103F-16F7-4668-BE54-9A1E7A4F7556}") = "R5T.Magyar", "..\..\R5T.Magyar\source\R5T.Magyar\R5T.Magyar.csproj", "{E3645FD4-9A3A-484C-BA0B-1577DA9FD2B1}"
EndProject
Project("{9A19103F-16F7-4668-BE54-9A1E7A4F7556}") = "R5T.T0041.X002", "..\..\R5T.T0041\source\R5T.T0041.X002\R5T.T0041.X002.csproj", "{8DE5F59E-1EB8-42AF-9D6C-D4CA16DE2EE3}"
EndProject
Project("{9A19103F-16F7-4668-BE54-9A1E7A4F7556}") = "R5T.Magyar.T002.X000", "..\..\R5T.Magyar\source\R5T.Magyar.T002.X000\R5T.Magyar.T002.X000.csproj", "{1538A79A-7146-4990-9EBF-E8DE34D4534C}"
EndProject
Project("{9A19103F-16F7-4668-BE54-9A1E7A4F7556}") = "R5T.Magyar.T002", "..\..\R5T.Magyar\source\R5T.Magyar.T002\R5T.Magyar.T002.csproj", "{BAB60F6E-1A8E-46DA-9D25-8DA7A5CEE661}"
EndProject
Project("{9A19103F-16F7-4668-BE54-9A1E7A4F7556}") = "R5T.T0039.T002", "..\..\R5T.T0039\source\R5T.T0039.T002\R5T.T0039.T002.csproj", "{27AE19D9-E43B-4027-9B47-60FB50D94C23}"
EndProject
Project("{9A19103F-16F7-4668-BE54-9A1E7A4F7556}") = "R5T.T0021.X003", "..\..\R5T.T0021\source\R5T.T0021.X003\R5T.T0021.X003.csproj", "{2773768C-A332-4B6E-99F5-22E62B4612EB}"
EndProject
Project("{9A19103F-16F7-4668-BE54-9A1E7A4F7556}") = "R5T.T0021", "..\..\R5T.T0021\source\R5T.T0021\R5T.T0021.csproj", "{9B663D19-758D-489D-90F1-0DBF05BD9F7E}"
EndProject
Project("{9A19103F-16F7-4668-BE54-9A1E7A4F7556}") = "R5T.T0042.X001", "..\..\R5T.T0042\source\R5T.T0042.X001\R5T.T0042.X001.csproj", "{0225833D-948C-45E4-B80A-F60737FD4913}"
EndProject
Project("{9A19103F-16F7-4668-BE54-9A1E7A4F7556}") = "R5T.T0042", "..\..\R5T.T0042\source\R5T.T0042\R5T.T0042.csproj", "{5BDF56BA-D2F7-49FF-9DE2-6263458062BD}"
EndProject
Project("{9A19103F-16F7-4668-BE54-9A1E7A4F7556}") = "R5T.T0041.X001", "..\..\R5T.T0041\source\R5T.T0041.X001\R5T.T0041.X001.csproj", "{368A0619-7902-4105-B40D-BDC3FF53A7D4}"
EndProject
Project("{9A19103F-16F7-4668-BE54-9A1E7A4F7556}") = "R5T.T0041", "..\..\R5T.T0041\source\R5T.T0041\R5T.T0041.csproj", "{B0C270DD-8144-4FAE-99A7-30164BAE30F8}"
EndProject
Project("{FAE04EC0-301F-11D3-BF4B-00C04F79EFBC}") = "R5T.F0019.V000", "R5T.F0019.V000\R5T.F0019.V000.csproj", "{EEA71411-0334-498D-9FE2-C8223823611B}"
EndProject
Project("{FAE04EC0-301F-11D3-BF4B-00C04F79EFBC}") = "R5T.L0020", "..\..\R5T.L0020\source\R5T.L0020\R5T.L0020.csproj", "{2F17B25C-DFF9-48C0-93B6-A80781DE8503}"
EndProject
Project("{FAE04EC0-301F-11D3-BF4B-00C04F79EFBC}") = "R5T.T0119.X001", "..\..\R5T.T0119\source\R5T.T0119.X001\R5T.T0119.X001.csproj", "{1B3BEAEE-3DB0-43D6-953B-D6E1497E9A10}"
EndProject
Project("{FAE04EC0-301F-11D3-BF4B-00C04F79EFBC}") = "R5T.T0119", "..\..\R5T.T0119\source\R5T.T0119\R5T.T0119.csproj", "{F4353B78-6714-48AA-931D-3291FF8949C3}"
EndProject
Project("{FAE04EC0-301F-11D3-BF4B-00C04F79EFBC}") = "R5T.T0120.X002", "..\..\R5T.T0120\source\R5T.T0120.X002\R5T.T0120.X002.csproj", "{0AB4461D-924F-42CC-BDAE-5C947080D520}"
EndProject
Project("{FAE04EC0-301F-11D3-BF4B-00C04F79EFBC}") = "R5T.T0120", "..\..\R5T.T0120\source\R5T.T0120\R5T.T0120.csproj", "{AB7FDCEE-15E8-42B8-86ED-D78EF012DBBA}"
EndProject
Global
	GlobalSection(SolutionConfigurationPlatforms) = preSolution
		Debug|Any CPU = Debug|Any CPU
		Debug|x64 = Debug|x64
		Debug|x86 = Debug|x86
		Release|Any CPU = Release|Any CPU
		Release|x64 = Release|x64
		Release|x86 = Release|x86
	EndGlobalSection
	GlobalSection(ProjectConfigurationPlatforms) = postSolution
		{256BC561-469E-48F9-AE6D-695829B0EE55}.Debug|Any CPU.ActiveCfg = Debug|Any CPU
		{256BC561-469E-48F9-AE6D-695829B0EE55}.Debug|Any CPU.Build.0 = Debug|Any CPU
		{256BC561-469E-48F9-AE6D-695829B0EE55}.Debug|x64.ActiveCfg = Debug|Any CPU
		{256BC561-469E-48F9-AE6D-695829B0EE55}.Debug|x64.Build.0 = Debug|Any CPU
		{256BC561-469E-48F9-AE6D-695829B0EE55}.Debug|x86.ActiveCfg = Debug|Any CPU
		{256BC561-469E-48F9-AE6D-695829B0EE55}.Debug|x86.Build.0 = Debug|Any CPU
		{256BC561-469E-48F9-AE6D-695829B0EE55}.Release|Any CPU.ActiveCfg = Release|Any CPU
		{256BC561-469E-48F9-AE6D-695829B0EE55}.Release|Any CPU.Build.0 = Release|Any CPU
		{256BC561-469E-48F9-AE6D-695829B0EE55}.Release|x64.ActiveCfg = Release|Any CPU
		{256BC561-469E-48F9-AE6D-695829B0EE55}.Release|x64.Build.0 = Release|Any CPU
		{256BC561-469E-48F9-AE6D-695829B0EE55}.Release|x86.ActiveCfg = Release|Any CPU
		{256BC561-469E-48F9-AE6D-695829B0EE55}.Release|x86.Build.0 = Release|Any CPU
		{0D8F35E2-6114-4C25-BEEC-9EDC05579DC9}.Debug|Any CPU.ActiveCfg = Debug|Any CPU
		{0D8F35E2-6114-4C25-BEEC-9EDC05579DC9}.Debug|Any CPU.Build.0 = Debug|Any CPU
		{0D8F35E2-6114-4C25-BEEC-9EDC05579DC9}.Debug|x64.ActiveCfg = Debug|Any CPU
		{0D8F35E2-6114-4C25-BEEC-9EDC05579DC9}.Debug|x64.Build.0 = Debug|Any CPU
		{0D8F35E2-6114-4C25-BEEC-9EDC05579DC9}.Debug|x86.ActiveCfg = Debug|Any CPU
		{0D8F35E2-6114-4C25-BEEC-9EDC05579DC9}.Debug|x86.Build.0 = Debug|Any CPU
		{0D8F35E2-6114-4C25-BEEC-9EDC05579DC9}.Release|Any CPU.ActiveCfg = Release|Any CPU
		{0D8F35E2-6114-4C25-BEEC-9EDC05579DC9}.Release|Any CPU.Build.0 = Release|Any CPU
		{0D8F35E2-6114-4C25-BEEC-9EDC05579DC9}.Release|x64.ActiveCfg = Release|Any CPU
		{0D8F35E2-6114-4C25-BEEC-9EDC05579DC9}.Release|x64.Build.0 = Release|Any CPU
		{0D8F35E2-6114-4C25-BEEC-9EDC05579DC9}.Release|x86.ActiveCfg = Release|Any CPU
		{0D8F35E2-6114-4C25-BEEC-9EDC05579DC9}.Release|x86.Build.0 = Release|Any CPU
		{DB294D67-5A8F-45E2-A0B9-9A35EDF1BECA}.Debug|Any CPU.ActiveCfg = Debug|Any CPU
		{DB294D67-5A8F-45E2-A0B9-9A35EDF1BECA}.Debug|Any CPU.Build.0 = Debug|Any CPU
		{DB294D67-5A8F-45E2-A0B9-9A35EDF1BECA}.Debug|x64.ActiveCfg = Debug|Any CPU
		{DB294D67-5A8F-45E2-A0B9-9A35EDF1BECA}.Debug|x64.Build.0 = Debug|Any CPU
		{DB294D67-5A8F-45E2-A0B9-9A35EDF1BECA}.Debug|x86.ActiveCfg = Debug|Any CPU
		{DB294D67-5A8F-45E2-A0B9-9A35EDF1BECA}.Debug|x86.Build.0 = Debug|Any CPU
		{DB294D67-5A8F-45E2-A0B9-9A35EDF1BECA}.Release|Any CPU.ActiveCfg = Release|Any CPU
		{DB294D67-5A8F-45E2-A0B9-9A35EDF1BECA}.Release|Any CPU.Build.0 = Release|Any CPU
		{DB294D67-5A8F-45E2-A0B9-9A35EDF1BECA}.Release|x64.ActiveCfg = Release|Any CPU
		{DB294D67-5A8F-45E2-A0B9-9A35EDF1BECA}.Release|x64.Build.0 = Release|Any CPU
		{DB294D67-5A8F-45E2-A0B9-9A35EDF1BECA}.Release|x86.ActiveCfg = Release|Any CPU
		{DB294D67-5A8F-45E2-A0B9-9A35EDF1BECA}.Release|x86.Build.0 = Release|Any CPU
		{8E36872E-40C6-4DFD-9C4E-A1262593E1F6}.Debug|Any CPU.ActiveCfg = Debug|Any CPU
		{8E36872E-40C6-4DFD-9C4E-A1262593E1F6}.Debug|Any CPU.Build.0 = Debug|Any CPU
		{8E36872E-40C6-4DFD-9C4E-A1262593E1F6}.Debug|x64.ActiveCfg = Debug|Any CPU
		{8E36872E-40C6-4DFD-9C4E-A1262593E1F6}.Debug|x64.Build.0 = Debug|Any CPU
		{8E36872E-40C6-4DFD-9C4E-A1262593E1F6}.Debug|x86.ActiveCfg = Debug|Any CPU
		{8E36872E-40C6-4DFD-9C4E-A1262593E1F6}.Debug|x86.Build.0 = Debug|Any CPU
		{8E36872E-40C6-4DFD-9C4E-A1262593E1F6}.Release|Any CPU.ActiveCfg = Release|Any CPU
		{8E36872E-40C6-4DFD-9C4E-A1262593E1F6}.Release|Any CPU.Build.0 = Release|Any CPU
		{8E36872E-40C6-4DFD-9C4E-A1262593E1F6}.Release|x64.ActiveCfg = Release|Any CPU
		{8E36872E-40C6-4DFD-9C4E-A1262593E1F6}.Release|x64.Build.0 = Release|Any CPU
		{8E36872E-40C6-4DFD-9C4E-A1262593E1F6}.Release|x86.ActiveCfg = Release|Any CPU
		{8E36872E-40C6-4DFD-9C4E-A1262593E1F6}.Release|x86.Build.0 = Release|Any CPU
		{6A92A26D-687A-4E25-B738-EE9F3FE1E1C5}.Debug|Any CPU.ActiveCfg = Debug|Any CPU
		{6A92A26D-687A-4E25-B738-EE9F3FE1E1C5}.Debug|Any CPU.Build.0 = Debug|Any CPU
		{6A92A26D-687A-4E25-B738-EE9F3FE1E1C5}.Debug|x64.ActiveCfg = Debug|Any CPU
		{6A92A26D-687A-4E25-B738-EE9F3FE1E1C5}.Debug|x64.Build.0 = Debug|Any CPU
		{6A92A26D-687A-4E25-B738-EE9F3FE1E1C5}.Debug|x86.ActiveCfg = Debug|Any CPU
		{6A92A26D-687A-4E25-B738-EE9F3FE1E1C5}.Debug|x86.Build.0 = Debug|Any CPU
		{6A92A26D-687A-4E25-B738-EE9F3FE1E1C5}.Release|Any CPU.ActiveCfg = Release|Any CPU
		{6A92A26D-687A-4E25-B738-EE9F3FE1E1C5}.Release|Any CPU.Build.0 = Release|Any CPU
		{6A92A26D-687A-4E25-B738-EE9F3FE1E1C5}.Release|x64.ActiveCfg = Release|Any CPU
		{6A92A26D-687A-4E25-B738-EE9F3FE1E1C5}.Release|x64.Build.0 = Release|Any CPU
		{6A92A26D-687A-4E25-B738-EE9F3FE1E1C5}.Release|x86.ActiveCfg = Release|Any CPU
		{6A92A26D-687A-4E25-B738-EE9F3FE1E1C5}.Release|x86.Build.0 = Release|Any CPU
		{6CA6CF68-0CFD-4349-A4C0-1E9D4869B9FE}.Debug|Any CPU.ActiveCfg = Debug|Any CPU
		{6CA6CF68-0CFD-4349-A4C0-1E9D4869B9FE}.Debug|Any CPU.Build.0 = Debug|Any CPU
		{6CA6CF68-0CFD-4349-A4C0-1E9D4869B9FE}.Debug|x64.ActiveCfg = Debug|Any CPU
		{6CA6CF68-0CFD-4349-A4C0-1E9D4869B9FE}.Debug|x64.Build.0 = Debug|Any CPU
		{6CA6CF68-0CFD-4349-A4C0-1E9D4869B9FE}.Debug|x86.ActiveCfg = Debug|Any CPU
		{6CA6CF68-0CFD-4349-A4C0-1E9D4869B9FE}.Debug|x86.Build.0 = Debug|Any CPU
		{6CA6CF68-0CFD-4349-A4C0-1E9D4869B9FE}.Release|Any CPU.ActiveCfg = Release|Any CPU
		{6CA6CF68-0CFD-4349-A4C0-1E9D4869B9FE}.Release|Any CPU.Build.0 = Release|Any CPU
		{6CA6CF68-0CFD-4349-A4C0-1E9D4869B9FE}.Release|x64.ActiveCfg = Release|Any CPU
		{6CA6CF68-0CFD-4349-A4C0-1E9D4869B9FE}.Release|x64.Build.0 = Release|Any CPU
		{6CA6CF68-0CFD-4349-A4C0-1E9D4869B9FE}.Release|x86.ActiveCfg = Release|Any CPU
		{6CA6CF68-0CFD-4349-A4C0-1E9D4869B9FE}.Release|x86.Build.0 = Release|Any CPU
		{AF962220-9A24-4DE0-A1E2-3BAF38D3EF65}.Debug|Any CPU.ActiveCfg = Debug|Any CPU
		{AF962220-9A24-4DE0-A1E2-3BAF38D3EF65}.Debug|Any CPU.Build.0 = Debug|Any CPU
		{AF962220-9A24-4DE0-A1E2-3BAF38D3EF65}.Debug|x64.ActiveCfg = Debug|Any CPU
		{AF962220-9A24-4DE0-A1E2-3BAF38D3EF65}.Debug|x64.Build.0 = Debug|Any CPU
		{AF962220-9A24-4DE0-A1E2-3BAF38D3EF65}.Debug|x86.ActiveCfg = Debug|Any CPU
		{AF962220-9A24-4DE0-A1E2-3BAF38D3EF65}.Debug|x86.Build.0 = Debug|Any CPU
		{AF962220-9A24-4DE0-A1E2-3BAF38D3EF65}.Release|Any CPU.ActiveCfg = Release|Any CPU
		{AF962220-9A24-4DE0-A1E2-3BAF38D3EF65}.Release|Any CPU.Build.0 = Release|Any CPU
		{AF962220-9A24-4DE0-A1E2-3BAF38D3EF65}.Release|x64.ActiveCfg = Release|Any CPU
		{AF962220-9A24-4DE0-A1E2-3BAF38D3EF65}.Release|x64.Build.0 = Release|Any CPU
		{AF962220-9A24-4DE0-A1E2-3BAF38D3EF65}.Release|x86.ActiveCfg = Release|Any CPU
		{AF962220-9A24-4DE0-A1E2-3BAF38D3EF65}.Release|x86.Build.0 = Release|Any CPU
		{3656EC46-A5E3-4A02-B491-6885D7765500}.Debug|Any CPU.ActiveCfg = Debug|Any CPU
		{3656EC46-A5E3-4A02-B491-6885D7765500}.Debug|Any CPU.Build.0 = Debug|Any CPU
		{3656EC46-A5E3-4A02-B491-6885D7765500}.Debug|x64.ActiveCfg = Debug|Any CPU
		{3656EC46-A5E3-4A02-B491-6885D7765500}.Debug|x64.Build.0 = Debug|Any CPU
		{3656EC46-A5E3-4A02-B491-6885D7765500}.Debug|x86.ActiveCfg = Debug|Any CPU
		{3656EC46-A5E3-4A02-B491-6885D7765500}.Debug|x86.Build.0 = Debug|Any CPU
		{3656EC46-A5E3-4A02-B491-6885D7765500}.Release|Any CPU.ActiveCfg = Release|Any CPU
		{3656EC46-A5E3-4A02-B491-6885D7765500}.Release|Any CPU.Build.0 = Release|Any CPU
		{3656EC46-A5E3-4A02-B491-6885D7765500}.Release|x64.ActiveCfg = Release|Any CPU
		{3656EC46-A5E3-4A02-B491-6885D7765500}.Release|x64.Build.0 = Release|Any CPU
		{3656EC46-A5E3-4A02-B491-6885D7765500}.Release|x86.ActiveCfg = Release|Any CPU
		{3656EC46-A5E3-4A02-B491-6885D7765500}.Release|x86.Build.0 = Release|Any CPU
		{E3645FD4-9A3A-484C-BA0B-1577DA9FD2B1}.Debug|Any CPU.ActiveCfg = Debug|Any CPU
		{E3645FD4-9A3A-484C-BA0B-1577DA9FD2B1}.Debug|Any CPU.Build.0 = Debug|Any CPU
		{E3645FD4-9A3A-484C-BA0B-1577DA9FD2B1}.Debug|x64.ActiveCfg = Debug|Any CPU
		{E3645FD4-9A3A-484C-BA0B-1577DA9FD2B1}.Debug|x64.Build.0 = Debug|Any CPU
		{E3645FD4-9A3A-484C-BA0B-1577DA9FD2B1}.Debug|x86.ActiveCfg = Debug|Any CPU
		{E3645FD4-9A3A-484C-BA0B-1577DA9FD2B1}.Debug|x86.Build.0 = Debug|Any CPU
		{E3645FD4-9A3A-484C-BA0B-1577DA9FD2B1}.Release|Any CPU.ActiveCfg = Release|Any CPU
		{E3645FD4-9A3A-484C-BA0B-1577DA9FD2B1}.Release|Any CPU.Build.0 = Release|Any CPU
		{E3645FD4-9A3A-484C-BA0B-1577DA9FD2B1}.Release|x64.ActiveCfg = Release|Any CPU
		{E3645FD4-9A3A-484C-BA0B-1577DA9FD2B1}.Release|x64.Build.0 = Release|Any CPU
		{E3645FD4-9A3A-484C-BA0B-1577DA9FD2B1}.Release|x86.ActiveCfg = Release|Any CPU
		{E3645FD4-9A3A-484C-BA0B-1577DA9FD2B1}.Release|x86.Build.0 = Release|Any CPU
		{8DE5F59E-1EB8-42AF-9D6C-D4CA16DE2EE3}.Debug|Any CPU.ActiveCfg = Debug|Any CPU
		{8DE5F59E-1EB8-42AF-9D6C-D4CA16DE2EE3}.Debug|Any CPU.Build.0 = Debug|Any CPU
		{8DE5F59E-1EB8-42AF-9D6C-D4CA16DE2EE3}.Debug|x64.ActiveCfg = Debug|Any CPU
		{8DE5F59E-1EB8-42AF-9D6C-D4CA16DE2EE3}.Debug|x64.Build.0 = Debug|Any CPU
		{8DE5F59E-1EB8-42AF-9D6C-D4CA16DE2EE3}.Debug|x86.ActiveCfg = Debug|Any CPU
		{8DE5F59E-1EB8-42AF-9D6C-D4CA16DE2EE3}.Debug|x86.Build.0 = Debug|Any CPU
		{8DE5F59E-1EB8-42AF-9D6C-D4CA16DE2EE3}.Release|Any CPU.ActiveCfg = Release|Any CPU
		{8DE5F59E-1EB8-42AF-9D6C-D4CA16DE2EE3}.Release|Any CPU.Build.0 = Release|Any CPU
		{8DE5F59E-1EB8-42AF-9D6C-D4CA16DE2EE3}.Release|x64.ActiveCfg = Release|Any CPU
		{8DE5F59E-1EB8-42AF-9D6C-D4CA16DE2EE3}.Release|x64.Build.0 = Release|Any CPU
		{8DE5F59E-1EB8-42AF-9D6C-D4CA16DE2EE3}.Release|x86.ActiveCfg = Release|Any CPU
		{8DE5F59E-1EB8-42AF-9D6C-D4CA16DE2EE3}.Release|x86.Build.0 = Release|Any CPU
		{1538A79A-7146-4990-9EBF-E8DE34D4534C}.Debug|Any CPU.ActiveCfg = Debug|Any CPU
		{1538A79A-7146-4990-9EBF-E8DE34D4534C}.Debug|Any CPU.Build.0 = Debug|Any CPU
		{1538A79A-7146-4990-9EBF-E8DE34D4534C}.Debug|x64.ActiveCfg = Debug|Any CPU
		{1538A79A-7146-4990-9EBF-E8DE34D4534C}.Debug|x64.Build.0 = Debug|Any CPU
		{1538A79A-7146-4990-9EBF-E8DE34D4534C}.Debug|x86.ActiveCfg = Debug|Any CPU
		{1538A79A-7146-4990-9EBF-E8DE34D4534C}.Debug|x86.Build.0 = Debug|Any CPU
		{1538A79A-7146-4990-9EBF-E8DE34D4534C}.Release|Any CPU.ActiveCfg = Release|Any CPU
		{1538A79A-7146-4990-9EBF-E8DE34D4534C}.Release|Any CPU.Build.0 = Release|Any CPU
		{1538A79A-7146-4990-9EBF-E8DE34D4534C}.Release|x64.ActiveCfg = Release|Any CPU
		{1538A79A-7146-4990-9EBF-E8DE34D4534C}.Release|x64.Build.0 = Release|Any CPU
		{1538A79A-7146-4990-9EBF-E8DE34D4534C}.Release|x86.ActiveCfg = Release|Any CPU
		{1538A79A-7146-4990-9EBF-E8DE34D4534C}.Release|x86.Build.0 = Release|Any CPU
		{BAB60F6E-1A8E-46DA-9D25-8DA7A5CEE661}.Debug|Any CPU.ActiveCfg = Debug|Any CPU
		{BAB60F6E-1A8E-46DA-9D25-8DA7A5CEE661}.Debug|Any CPU.Build.0 = Debug|Any CPU
		{BAB60F6E-1A8E-46DA-9D25-8DA7A5CEE661}.Debug|x64.ActiveCfg = Debug|Any CPU
		{BAB60F6E-1A8E-46DA-9D25-8DA7A5CEE661}.Debug|x64.Build.0 = Debug|Any CPU
		{BAB60F6E-1A8E-46DA-9D25-8DA7A5CEE661}.Debug|x86.ActiveCfg = Debug|Any CPU
		{BAB60F6E-1A8E-46DA-9D25-8DA7A5CEE661}.Debug|x86.Build.0 = Debug|Any CPU
		{BAB60F6E-1A8E-46DA-9D25-8DA7A5CEE661}.Release|Any CPU.ActiveCfg = Release|Any CPU
		{BAB60F6E-1A8E-46DA-9D25-8DA7A5CEE661}.Release|Any CPU.Build.0 = Release|Any CPU
		{BAB60F6E-1A8E-46DA-9D25-8DA7A5CEE661}.Release|x64.ActiveCfg = Release|Any CPU
		{BAB60F6E-1A8E-46DA-9D25-8DA7A5CEE661}.Release|x64.Build.0 = Release|Any CPU
		{BAB60F6E-1A8E-46DA-9D25-8DA7A5CEE661}.Release|x86.ActiveCfg = Release|Any CPU
		{BAB60F6E-1A8E-46DA-9D25-8DA7A5CEE661}.Release|x86.Build.0 = Release|Any CPU
		{27AE19D9-E43B-4027-9B47-60FB50D94C23}.Debug|Any CPU.ActiveCfg = Debug|Any CPU
		{27AE19D9-E43B-4027-9B47-60FB50D94C23}.Debug|Any CPU.Build.0 = Debug|Any CPU
		{27AE19D9-E43B-4027-9B47-60FB50D94C23}.Debug|x64.ActiveCfg = Debug|Any CPU
		{27AE19D9-E43B-4027-9B47-60FB50D94C23}.Debug|x64.Build.0 = Debug|Any CPU
		{27AE19D9-E43B-4027-9B47-60FB50D94C23}.Debug|x86.ActiveCfg = Debug|Any CPU
		{27AE19D9-E43B-4027-9B47-60FB50D94C23}.Debug|x86.Build.0 = Debug|Any CPU
		{27AE19D9-E43B-4027-9B47-60FB50D94C23}.Release|Any CPU.ActiveCfg = Release|Any CPU
		{27AE19D9-E43B-4027-9B47-60FB50D94C23}.Release|Any CPU.Build.0 = Release|Any CPU
		{27AE19D9-E43B-4027-9B47-60FB50D94C23}.Release|x64.ActiveCfg = Release|Any CPU
		{27AE19D9-E43B-4027-9B47-60FB50D94C23}.Release|x64.Build.0 = Release|Any CPU
		{27AE19D9-E43B-4027-9B47-60FB50D94C23}.Release|x86.ActiveCfg = Release|Any CPU
		{27AE19D9-E43B-4027-9B47-60FB50D94C23}.Release|x86.Build.0 = Release|Any CPU
		{2773768C-A332-4B6E-99F5-22E62B4612EB}.Debug|Any CPU.ActiveCfg = Debug|Any CPU
		{2773768C-A332-4B6E-99F5-22E62B4612EB}.Debug|Any CPU.Build.0 = Debug|Any CPU
		{2773768C-A332-4B6E-99F5-22E62B4612EB}.Debug|x64.ActiveCfg = Debug|Any CPU
		{2773768C-A332-4B6E-99F5-22E62B4612EB}.Debug|x64.Build.0 = Debug|Any CPU
		{2773768C-A332-4B6E-99F5-22E62B4612EB}.Debug|x86.ActiveCfg = Debug|Any CPU
		{2773768C-A332-4B6E-99F5-22E62B4612EB}.Debug|x86.Build.0 = Debug|Any CPU
		{2773768C-A332-4B6E-99F5-22E62B4612EB}.Release|Any CPU.ActiveCfg = Release|Any CPU
		{2773768C-A332-4B6E-99F5-22E62B4612EB}.Release|Any CPU.Build.0 = Release|Any CPU
		{2773768C-A332-4B6E-99F5-22E62B4612EB}.Release|x64.ActiveCfg = Release|Any CPU
		{2773768C-A332-4B6E-99F5-22E62B4612EB}.Release|x64.Build.0 = Release|Any CPU
		{2773768C-A332-4B6E-99F5-22E62B4612EB}.Release|x86.ActiveCfg = Release|Any CPU
		{2773768C-A332-4B6E-99F5-22E62B4612EB}.Release|x86.Build.0 = Release|Any CPU
		{9B663D19-758D-489D-90F1-0DBF05BD9F7E}.Debug|Any CPU.ActiveCfg = Debug|Any CPU
		{9B663D19-758D-489D-90F1-0DBF05BD9F7E}.Debug|Any CPU.Build.0 = Debug|Any CPU
		{9B663D19-758D-489D-90F1-0DBF05BD9F7E}.Debug|x64.ActiveCfg = Debug|Any CPU
		{9B663D19-758D-489D-90F1-0DBF05BD9F7E}.Debug|x64.Build.0 = Debug|Any CPU
		{9B663D19-758D-489D-90F1-0DBF05BD9F7E}.Debug|x86.ActiveCfg = Debug|Any CPU
		{9B663D19-758D-489D-90F1-0DBF05BD9F7E}.Debug|x86.Build.0 = Debug|Any CPU
		{9B663D19-758D-489D-90F1-0DBF05BD9F7E}.Release|Any CPU.ActiveCfg = Release|Any CPU
		{9B663D19-758D-489D-90F1-0DBF05BD9F7E}.Release|Any CPU.Build.0 = Release|Any CPU
		{9B663D19-758D-489D-90F1-0DBF05BD9F7E}.Release|x64.ActiveCfg = Release|Any CPU
		{9B663D19-758D-489D-90F1-0DBF05BD9F7E}.Release|x64.Build.0 = Release|Any CPU
		{9B663D19-758D-489D-90F1-0DBF05BD9F7E}.Release|x86.ActiveCfg = Release|Any CPU
		{9B663D19-758D-489D-90F1-0DBF05BD9F7E}.Release|x86.Build.0 = Release|Any CPU
		{0225833D-948C-45E4-B80A-F60737FD4913}.Debug|Any CPU.ActiveCfg = Debug|Any CPU
		{0225833D-948C-45E4-B80A-F60737FD4913}.Debug|Any CPU.Build.0 = Debug|Any CPU
		{0225833D-948C-45E4-B80A-F60737FD4913}.Debug|x64.ActiveCfg = Debug|Any CPU
		{0225833D-948C-45E4-B80A-F60737FD4913}.Debug|x64.Build.0 = Debug|Any CPU
		{0225833D-948C-45E4-B80A-F60737FD4913}.Debug|x86.ActiveCfg = Debug|Any CPU
		{0225833D-948C-45E4-B80A-F60737FD4913}.Debug|x86.Build.0 = Debug|Any CPU
		{0225833D-948C-45E4-B80A-F60737FD4913}.Release|Any CPU.ActiveCfg = Release|Any CPU
		{0225833D-948C-45E4-B80A-F60737FD4913}.Release|Any CPU.Build.0 = Release|Any CPU
		{0225833D-948C-45E4-B80A-F60737FD4913}.Release|x64.ActiveCfg = Release|Any CPU
		{0225833D-948C-45E4-B80A-F60737FD4913}.Release|x64.Build.0 = Release|Any CPU
		{0225833D-948C-45E4-B80A-F60737FD4913}.Release|x86.ActiveCfg = Release|Any CPU
		{0225833D-948C-45E4-B80A-F60737FD4913}.Release|x86.Build.0 = Release|Any CPU
		{5BDF56BA-D2F7-49FF-9DE2-6263458062BD}.Debug|Any CPU.ActiveCfg = Debug|Any CPU
		{5BDF56BA-D2F7-49FF-9DE2-6263458062BD}.Debug|Any CPU.Build.0 = Debug|Any CPU
		{5BDF56BA-D2F7-49FF-9DE2-6263458062BD}.Debug|x64.ActiveCfg = Debug|Any CPU
		{5BDF56BA-D2F7-49FF-9DE2-6263458062BD}.Debug|x64.Build.0 = Debug|Any CPU
		{5BDF56BA-D2F7-49FF-9DE2-6263458062BD}.Debug|x86.ActiveCfg = Debug|Any CPU
		{5BDF56BA-D2F7-49FF-9DE2-6263458062BD}.Debug|x86.Build.0 = Debug|Any CPU
		{5BDF56BA-D2F7-49FF-9DE2-6263458062BD}.Release|Any CPU.ActiveCfg = Release|Any CPU
		{5BDF56BA-D2F7-49FF-9DE2-6263458062BD}.Release|Any CPU.Build.0 = Release|Any CPU
		{5BDF56BA-D2F7-49FF-9DE2-6263458062BD}.Release|x64.ActiveCfg = Release|Any CPU
		{5BDF56BA-D2F7-49FF-9DE2-6263458062BD}.Release|x64.Build.0 = Release|Any CPU
		{5BDF56BA-D2F7-49FF-9DE2-6263458062BD}.Release|x86.ActiveCfg = Release|Any CPU
		{5BDF56BA-D2F7-49FF-9DE2-6263458062BD}.Release|x86.Build.0 = Release|Any CPU
		{368A0619-7902-4105-B40D-BDC3FF53A7D4}.Debug|Any CPU.ActiveCfg = Debug|Any CPU
		{368A0619-7902-4105-B40D-BDC3FF53A7D4}.Debug|Any CPU.Build.0 = Debug|Any CPU
		{368A0619-7902-4105-B40D-BDC3FF53A7D4}.Debug|x64.ActiveCfg = Debug|Any CPU
		{368A0619-7902-4105-B40D-BDC3FF53A7D4}.Debug|x64.Build.0 = Debug|Any CPU
		{368A0619-7902-4105-B40D-BDC3FF53A7D4}.Debug|x86.ActiveCfg = Debug|Any CPU
		{368A0619-7902-4105-B40D-BDC3FF53A7D4}.Debug|x86.Build.0 = Debug|Any CPU
		{368A0619-7902-4105-B40D-BDC3FF53A7D4}.Release|Any CPU.ActiveCfg = Release|Any CPU
		{368A0619-7902-4105-B40D-BDC3FF53A7D4}.Release|Any CPU.Build.0 = Release|Any CPU
		{368A0619-7902-4105-B40D-BDC3FF53A7D4}.Release|x64.ActiveCfg = Release|Any CPU
		{368A0619-7902-4105-B40D-BDC3FF53A7D4}.Release|x64.Build.0 = Release|Any CPU
		{368A0619-7902-4105-B40D-BDC3FF53A7D4}.Release|x86.ActiveCfg = Release|Any CPU
		{368A0619-7902-4105-B40D-BDC3FF53A7D4}.Release|x86.Build.0 = Release|Any CPU
		{B0C270DD-8144-4FAE-99A7-30164BAE30F8}.Debug|Any CPU.ActiveCfg = Debug|Any CPU
		{B0C270DD-8144-4FAE-99A7-30164BAE30F8}.Debug|Any CPU.Build.0 = Debug|Any CPU
		{B0C270DD-8144-4FAE-99A7-30164BAE30F8}.Debug|x64.ActiveCfg = Debug|Any CPU
		{B0C270DD-8144-4FAE-99A7-30164BAE30F8}.Debug|x64.Build.0 = Debug|Any CPU
		{B0C270DD-8144-4FAE-99A7-30164BAE30F8}.Debug|x86.ActiveCfg = Debug|Any CPU
		{B0C270DD-8144-4FAE-99A7-30164BAE30F8}.Debug|x86.Build.0 = Debug|Any CPU
		{B0C270DD-8144-4FAE-99A7-30164BAE30F8}.Release|Any CPU.ActiveCfg = Release|Any CPU
		{B0C270DD-8144-4FAE-99A7-30164BAE30F8}.Release|Any CPU.Build.0 = Release|Any CPU
		{B0C270DD-8144-4FAE-99A7-30164BAE30F8}.Release|x64.ActiveCfg = Release|Any CPU
		{B0C270DD-8144-4FAE-99A7-30164BAE30F8}.Release|x64.Build.0 = Release|Any CPU
		{B0C270DD-8144-4FAE-99A7-30164BAE30F8}.Release|x86.ActiveCfg = Release|Any CPU
		{B0C270DD-8144-4FAE-99A7-30164BAE30F8}.Release|x86.Build.0 = Release|Any CPU
		{EEA71411-0334-498D-9FE2-C8223823611B}.Debug|Any CPU.ActiveCfg = Debug|Any CPU
		{EEA71411-0334-498D-9FE2-C8223823611B}.Debug|Any CPU.Build.0 = Debug|Any CPU
		{EEA71411-0334-498D-9FE2-C8223823611B}.Debug|x64.ActiveCfg = Debug|Any CPU
		{EEA71411-0334-498D-9FE2-C8223823611B}.Debug|x64.Build.0 = Debug|Any CPU
		{EEA71411-0334-498D-9FE2-C8223823611B}.Debug|x86.ActiveCfg = Debug|Any CPU
		{EEA71411-0334-498D-9FE2-C8223823611B}.Debug|x86.Build.0 = Debug|Any CPU
		{EEA71411-0334-498D-9FE2-C8223823611B}.Release|Any CPU.ActiveCfg = Release|Any CPU
		{EEA71411-0334-498D-9FE2-C8223823611B}.Release|Any CPU.Build.0 = Release|Any CPU
		{EEA71411-0334-498D-9FE2-C8223823611B}.Release|x64.ActiveCfg = Release|Any CPU
		{EEA71411-0334-498D-9FE2-C8223823611B}.Release|x64.Build.0 = Release|Any CPU
		{EEA71411-0334-498D-9FE2-C8223823611B}.Release|x86.ActiveCfg = Release|Any CPU
		{EEA71411-0334-498D-9FE2-C8223823611B}.Release|x86.Build.0 = Release|Any CPU
		{2F17B25C-DFF9-48C0-93B6-A80781DE8503}.Debug|Any CPU.ActiveCfg = Debug|Any CPU
		{2F17B25C-DFF9-48C0-93B6-A80781DE8503}.Debug|Any CPU.Build.0 = Debug|Any CPU
		{2F17B25C-DFF9-48C0-93B6-A80781DE8503}.Debug|x64.ActiveCfg = Debug|Any CPU
		{2F17B25C-DFF9-48C0-93B6-A80781DE8503}.Debug|x64.Build.0 = Debug|Any CPU
		{2F17B25C-DFF9-48C0-93B6-A80781DE8503}.Debug|x86.ActiveCfg = Debug|Any CPU
		{2F17B25C-DFF9-48C0-93B6-A80781DE8503}.Debug|x86.Build.0 = Debug|Any CPU
		{2F17B25C-DFF9-48C0-93B6-A80781DE8503}.Release|Any CPU.ActiveCfg = Release|Any CPU
		{2F17B25C-DFF9-48C0-93B6-A80781DE8503}.Release|Any CPU.Build.0 = Release|Any CPU
		{2F17B25C-DFF9-48C0-93B6-A80781DE8503}.Release|x64.ActiveCfg = Release|Any CPU
		{2F17B25C-DFF9-48C0-93B6-A80781DE8503}.Release|x64.Build.0 = Release|Any CPU
		{2F17B25C-DFF9-48C0-93B6-A80781DE8503}.Release|x86.ActiveCfg = Release|Any CPU
		{2F17B25C-DFF9-48C0-93B6-A80781DE8503}.Release|x86.Build.0 = Release|Any CPU
		{1B3BEAEE-3DB0-43D6-953B-D6E1497E9A10}.Debug|Any CPU.ActiveCfg = Debug|Any CPU
		{1B3BEAEE-3DB0-43D6-953B-D6E1497E9A10}.Debug|Any CPU.Build.0 = Debug|Any CPU
		{1B3BEAEE-3DB0-43D6-953B-D6E1497E9A10}.Debug|x64.ActiveCfg = Debug|Any CPU
		{1B3BEAEE-3DB0-43D6-953B-D6E1497E9A10}.Debug|x64.Build.0 = Debug|Any CPU
		{1B3BEAEE-3DB0-43D6-953B-D6E1497E9A10}.Debug|x86.ActiveCfg = Debug|Any CPU
		{1B3BEAEE-3DB0-43D6-953B-D6E1497E9A10}.Debug|x86.Build.0 = Debug|Any CPU
		{1B3BEAEE-3DB0-43D6-953B-D6E1497E9A10}.Release|Any CPU.ActiveCfg = Release|Any CPU
		{1B3BEAEE-3DB0-43D6-953B-D6E1497E9A10}.Release|Any CPU.Build.0 = Release|Any CPU
		{1B3BEAEE-3DB0-43D6-953B-D6E1497E9A10}.Release|x64.ActiveCfg = Release|Any CPU
		{1B3BEAEE-3DB0-43D6-953B-D6E1497E9A10}.Release|x64.Build.0 = Release|Any CPU
		{1B3BEAEE-3DB0-43D6-953B-D6E1497E9A10}.Release|x86.ActiveCfg = Release|Any CPU
		{1B3BEAEE-3DB0-43D6-953B-D6E1497E9A10}.Release|x86.Build.0 = Release|Any CPU
		{F4353B78-6714-48AA-931D-3291FF8949C3}.Debug|Any CPU.ActiveCfg = Debug|Any CPU
		{F4353B78-6714-48AA-931D-3291FF8949C3}.Debug|Any CPU.Build.0 = Debug|Any CPU
		{F4353B78-6714-48AA-931D-3291FF8949C3}.Debug|x64.ActiveCfg = Debug|Any CPU
		{F4353B78-6714-48AA-931D-3291FF8949C3}.Debug|x64.Build.0 = Debug|Any CPU
		{F4353B78-6714-48AA-931D-3291FF8949C3}.Debug|x86.ActiveCfg = Debug|Any CPU
		{F4353B78-6714-48AA-931D-3291FF8949C3}.Debug|x86.Build.0 = Debug|Any CPU
		{F4353B78-6714-48AA-931D-3291FF8949C3}.Release|Any CPU.ActiveCfg = Release|Any CPU
		{F4353B78-6714-48AA-931D-3291FF8949C3}.Release|Any CPU.Build.0 = Release|Any CPU
		{F4353B78-6714-48AA-931D-3291FF8949C3}.Release|x64.ActiveCfg = Release|Any CPU
		{F4353B78-6714-48AA-931D-3291FF8949C3}.Release|x64.Build.0 = Release|Any CPU
		{F4353B78-6714-48AA-931D-3291FF8949C3}.Release|x86.ActiveCfg = Release|Any CPU
		{F4353B78-6714-48AA-931D-3291FF8949C3}.Release|x86.Build.0 = Release|Any CPU
		{0AB4461D-924F-42CC-BDAE-5C947080D520}.Debug|Any CPU.ActiveCfg = Debug|Any CPU
		{0AB4461D-924F-42CC-BDAE-5C947080D520}.Debug|Any CPU.Build.0 = Debug|Any CPU
		{0AB4461D-924F-42CC-BDAE-5C947080D520}.Debug|x64.ActiveCfg = Debug|Any CPU
		{0AB4461D-924F-42CC-BDAE-5C947080D520}.Debug|x64.Build.0 = Debug|Any CPU
		{0AB4461D-924F-42CC-BDAE-5C947080D520}.Debug|x86.ActiveCfg = Debug|Any CPU
		{0AB4461D-924F-42CC-BDAE-5C947080D520}.Debug|x86.Build.0 = Debug|Any CPU
		{0AB4461D-924F-42CC-BDAE-5C947080D520}.Release|Any CPU.ActiveCfg = Release|Any CPU
		{0AB4461D-924F-42CC-BDAE-5C947080D520}.Release|Any CPU.Build.0 = Release|Any CPU
		{0AB4461D-924F-42CC-BDAE-5C947080D520}.Release|x64.ActiveCfg = Release|Any CPU
		{0AB4461D-924F-42CC-BDAE-5C947080D520}.Release|x64.Build.0 = Release|Any CPU
		{0AB4461D-924F-42CC-BDAE-5C947080D520}.Release|x86.ActiveCfg = Release|Any CPU
		{0AB4461D-924F-42CC-BDAE-5C947080D520}.Release|x86.Build.0 = Release|Any CPU
		{AB7FDCEE-15E8-42B8-86ED-D78EF012DBBA}.Debug|Any CPU.ActiveCfg = Debug|Any CPU
		{AB7FDCEE-15E8-42B8-86ED-D78EF012DBBA}.Debug|Any CPU.Build.0 = Debug|Any CPU
		{AB7FDCEE-15E8-42B8-86ED-D78EF012DBBA}.Debug|x64.ActiveCfg = Debug|Any CPU
		{AB7FDCEE-15E8-42B8-86ED-D78EF012DBBA}.Debug|x64.Build.0 = Debug|Any CPU
		{AB7FDCEE-15E8-42B8-86ED-D78EF012DBBA}.Debug|x86.ActiveCfg = Debug|Any CPU
		{AB7FDCEE-15E8-42B8-86ED-D78EF012DBBA}.Debug|x86.Build.0 = Debug|Any CPU
		{AB7FDCEE-15E8-42B8-86ED-D78EF012DBBA}.Release|Any CPU.ActiveCfg = Release|Any CPU
		{AB7FDCEE-15E8-42B8-86ED-D78EF012DBBA}.Release|Any CPU.Build.0 = Release|Any CPU
		{AB7FDCEE-15E8-42B8-86ED-D78EF012DBBA}.Release|x64.ActiveCfg = Release|Any CPU
		{AB7FDCEE-15E8-42B8-86ED-D78EF012DBBA}.Release|x64.Build.0 = Release|Any CPU
		{AB7FDCEE-15E8-42B8-86ED-D78EF012DBBA}.Release|x86.ActiveCfg = Release|Any CPU
		{AB7FDCEE-15E8-42B8-86ED-D78EF012DBBA}.Release|x86.Build.0 = Release|Any CPU
	EndGlobalSection
	GlobalSection(SolutionProperties) = preSolution
		HideSolutionNode = FALSE
	EndGlobalSection
	GlobalSection(NestedProjects) = preSolution
		{0D8F35E2-6114-4C25-BEEC-9EDC05579DC9} = {AA00BF75-8BE5-4753-B642-9BA80B3D3E5E}
		{DB294D67-5A8F-45E2-A0B9-9A35EDF1BECA} = {AA00BF75-8BE5-4753-B642-9BA80B3D3E5E}
		{8E36872E-40C6-4DFD-9C4E-A1262593E1F6} = {AA00BF75-8BE5-4753-B642-9BA80B3D3E5E}
		{6A92A26D-687A-4E25-B738-EE9F3FE1E1C5} = {AA00BF75-8BE5-4753-B642-9BA80B3D3E5E}
		{6CA6CF68-0CFD-4349-A4C0-1E9D4869B9FE} = {AA00BF75-8BE5-4753-B642-9BA80B3D3E5E}
		{AF962220-9A24-4DE0-A1E2-3BAF38D3EF65} = {AA00BF75-8BE5-4753-B642-9BA80B3D3E5E}
		{3656EC46-A5E3-4A02-B491-6885D7765500} = {AA00BF75-8BE5-4753-B642-9BA80B3D3E5E}
		{E3645FD4-9A3A-484C-BA0B-1577DA9FD2B1} = {AA00BF75-8BE5-4753-B642-9BA80B3D3E5E}
		{8DE5F59E-1EB8-42AF-9D6C-D4CA16DE2EE3} = {AA00BF75-8BE5-4753-B642-9BA80B3D3E5E}
		{1538A79A-7146-4990-9EBF-E8DE34D4534C} = {AA00BF75-8BE5-4753-B642-9BA80B3D3E5E}
		{BAB60F6E-1A8E-46DA-9D25-8DA7A5CEE661} = {AA00BF75-8BE5-4753-B642-9BA80B3D3E5E}
		{27AE19D9-E43B-4027-9B47-60FB50D94C23} = {AA00BF75-8BE5-4753-B642-9BA80B3D3E5E}
		{2773768C-A332-4B6E-99F5-22E62B4612EB} = {AA00BF75-8BE5-4753-B642-9BA80B3D3E5E}
		{9B663D19-758D-489D-90F1-0DBF05BD9F7E} = {AA00BF75-8BE5-4753-B642-9BA80B3D3E5E}
		{0225833D-948C-45E4-B80A-F60737FD4913} = {AA00BF75-8BE5-4753-B642-9BA80B3D3E5E}
		{5BDF56BA-D2F7-49FF-9DE2-6263458062BD} = {AA00BF75-8BE5-4753-B642-9BA80B3D3E5E}
		{368A0619-7902-4105-B40D-BDC3FF53A7D4} = {AA00BF75-8BE5-4753-B642-9BA80B3D3E5E}
		{B0C270DD-8144-4FAE-99A7-30164BAE30F8} = {AA00BF75-8BE5-4753-B642-9BA80B3D3E5E}
		{2F17B25C-DFF9-48C0-93B6-A80781DE8503} = {AA00BF75-8BE5-4753-B642-9BA80B3D3E5E}
		{1B3BEAEE-3DB0-43D6-953B-D6E1497E9A10} = {AA00BF75-8BE5-4753-B642-9BA80B3D3E5E}
		{F4353B78-6714-48AA-931D-3291FF8949C3} = {AA00BF75-8BE5-4753-B642-9BA80B3D3E5E}
		{0AB4461D-924F-42CC-BDAE-5C947080D520} = {AA00BF75-8BE5-4753-B642-9BA80B3D3E5E}
		{AB7FDCEE-15E8-42B8-86ED-D78EF012DBBA} = {AA00BF75-8BE5-4753-B642-9BA80B3D3E5E}
	EndGlobalSection
	GlobalSection(ExtensibilityGlobals) = postSolution
		SolutionGuid = {DA5F7034-F30F-49C6-B13B-8E10B08470CB}
	EndGlobalSection
EndGlobal
