
Microsoft Visual Studio Solution File, Format Version 12.00
# Visual Studio Version 17
VisualStudioVersion = 17.2.32630.192
MinimumVisualStudioVersion = 10.0.40219.1
Project("{FAE04EC0-301F-11D3-BF4B-00C04F79EFBC}") = "R5T.F0019.Construction", "R5T.F0019.Construction\R5T.F0019.Construction.csproj", "{4E3B622C-154E-4C7A-AAEE-492438E6DA3B}"
EndProject
Project("{FAE04EC0-301F-11D3-BF4B-00C04F79EFBC}") = "R5T.F0019", "R5T.F0019\R5T.F0019.csproj", "{8615FC18-123A-448F-B737-8834BC58F229}"
EndProject
Project("{2150E333-8FDC-42A3-9474-1A3956D46DE8}") = "_Dependencies", "_Dependencies", "{9856F6E1-129A-433C-A67F-DDDDE09AB72A}"
EndProject
Project("{9A19103F-16F7-4668-BE54-9A1E7A4F7556}") = "R5T.F0000", "..\..\R5T.F0000\source\R5T.F0000\R5T.F0000.csproj", "{AB08D3BC-02C1-4D93-8099-6CC09DD48ABD}"
EndProject
Project("{9A19103F-16F7-4668-BE54-9A1E7A4F7556}") = "R5T.F0002", "..\..\R5T.F0002\source\R5T.F0002\R5T.F0002.csproj", "{0BA4A9FF-35E5-4EA2-9960-E4CF4D271C3D}"
EndProject
Project("{9A19103F-16F7-4668-BE54-9A1E7A4F7556}") = "R5T.L0001.Y000", "..\..\R5T.L0001\source\R5T.L0001.Y000\R5T.L0001.Y000.csproj", "{72BD7B3A-5F8F-4443-8E63-363CB0C50EDA}"
EndProject
Project("{9A19103F-16F7-4668-BE54-9A1E7A4F7556}") = "R5T.L0001.Z000", "..\..\R5T.L0001\source\R5T.L0001.Z000\R5T.L0001.Z000.csproj", "{9F1539C8-0774-4DA1-8D2F-F9F10FF63D38}"
EndProject
Project("{9A19103F-16F7-4668-BE54-9A1E7A4F7556}") = "R5T.L0001", "..\..\R5T.L0001\source\R5T.L0001\R5T.L0001.csproj", "{780DC2D2-5AE4-4FA7-85E4-DFFDEAC42609}"
EndProject
Project("{9A19103F-16F7-4668-BE54-9A1E7A4F7556}") = "R5T.T0046", "..\..\R5T.T0046\source\R5T.T0046\R5T.T0046.csproj", "{0E8664E5-52B3-42CB-8F0B-E707A1DEACB8}"
EndProject
Project("{9A19103F-16F7-4668-BE54-9A1E7A4F7556}") = "R5T.T0131", "..\..\R5T.T0131\source\R5T.T0131\R5T.T0131.csproj", "{F48C9564-673A-4D13-AF2E-08FFAA622209}"
EndProject
Project("{9A19103F-16F7-4668-BE54-9A1E7A4F7556}") = "R5T.T0132", "..\..\R5T.T0132\source\R5T.T0132\R5T.T0132.csproj", "{E31739C1-D08E-486A-BD98-8E25853A1681}"
EndProject
Project("{9A19103F-16F7-4668-BE54-9A1E7A4F7556}") = "R5T.T0142", "..\..\R5T.T0142\source\R5T.T0142\R5T.T0142.csproj", "{BC645700-2E35-491E-95EB-FB09F29C37E5}"
EndProject
Project("{9A19103F-16F7-4668-BE54-9A1E7A4F7556}") = "R5T.T0143", "..\..\R5T.T0143\source\R5T.T0143\R5T.T0143.csproj", "{8BDD02E1-D7B2-4F1F-B4E6-46A6FFBD811D}"
EndProject
Project("{9A19103F-16F7-4668-BE54-9A1E7A4F7556}") = "R5T.T0144", "..\..\R5T.T0144\source\R5T.T0144\R5T.T0144.csproj", "{98B03E21-4706-47A1-AF11-767C14D97033}"
EndProject
Project("{9A19103F-16F7-4668-BE54-9A1E7A4F7556}") = "R5T.T0156", "..\..\R5T.T0156\source\R5T.T0156\R5T.T0156.csproj", "{9E7054A4-8022-42F8-9475-1F2FF28CE69E}"
EndProject
Project("{9A19103F-16F7-4668-BE54-9A1E7A4F7556}") = "R5T.Y0000", "..\..\R5T.Y0000\source\R5T.Y0000\R5T.Y0000.csproj", "{4FDEE4B9-CC63-47FC-A820-EF2AF06B2A74}"
EndProject
Project("{9A19103F-16F7-4668-BE54-9A1E7A4F7556}") = "R5T.Y0004", "..\..\R5T.Y0004\source\R5T.Y0004\R5T.Y0004.csproj", "{56412256-FAC3-4443-B524-1163B57E14B8}"
EndProject
Project("{9A19103F-16F7-4668-BE54-9A1E7A4F7556}") = "R5T.Z0000", "..\..\R5T.Z0000\source\R5T.Z0000\R5T.Z0000.csproj", "{AD33DD5B-FEEA-4878-AD4A-17A55A4AF799}"
EndProject
Project("{9A19103F-16F7-4668-BE54-9A1E7A4F7556}") = "R5T.Z0005", "..\..\R5T.Z0005\source\R5T.Z0005\R5T.Z0005.csproj", "{2EF4AA12-4070-4C0F-8109-D77FA6B6DF0B}"
EndProject
Project("{9A19103F-16F7-4668-BE54-9A1E7A4F7556}") = "R5T.L0053", "..\..\R5T.L0053\source\R5T.L0053\R5T.L0053.csproj", "{280C3317-53D2-479D-80A2-A5304355F063}"
EndProject
Project("{9A19103F-16F7-4668-BE54-9A1E7A4F7556}") = "R5T.L0066", "..\..\R5T.L0066\source\R5T.L0066\R5T.L0066.csproj", "{5A813583-EA6E-4C90-9592-53CC4D419CB4}"
EndProject
Project("{9A19103F-16F7-4668-BE54-9A1E7A4F7556}") = "R5T.L0071", "..\..\R5T.L0071\source\R5T.L0071\R5T.L0071.csproj", "{D87B5C33-77F1-4F6B-9C46-6C282ED20DA7}"
EndProject
Project("{9A19103F-16F7-4668-BE54-9A1E7A4F7556}") = "R5T.L0089.F000", "..\..\R5T.L0089\source\R5T.L0089.F000\R5T.L0089.F000.csproj", "{E08B1B8A-70BF-431E-B46D-1598DA51FEFA}"
EndProject
Project("{9A19103F-16F7-4668-BE54-9A1E7A4F7556}") = "R5T.L0089.T000", "..\..\R5T.L0089\source\R5T.L0089.T000\R5T.L0089.T000.csproj", "{29D5870F-DECB-43B6-A118-4CD938BB9ACB}"
EndProject
Project("{9A19103F-16F7-4668-BE54-9A1E7A4F7556}") = "R5T.L0089", "..\..\R5T.L0089\source\R5T.L0089\R5T.L0089.csproj", "{D872AEA6-A933-4806-8FBC-64DE4BA0D269}"
EndProject
Project("{9A19103F-16F7-4668-BE54-9A1E7A4F7556}") = "R5T.T0221", "..\..\R5T.T0221\source\R5T.T0221\R5T.T0221.csproj", "{D4206F73-D799-4E90-BFA5-8C08BB21A09C}"
EndProject
Project("{9A19103F-16F7-4668-BE54-9A1E7A4F7556}") = "R5T.T0240", "..\..\R5T.T0240\source\R5T.T0240\R5T.T0240.csproj", "{5EFBFEA7-44AC-4D31-A259-6DEB52BC3CCE}"
EndProject
Project("{9A19103F-16F7-4668-BE54-9A1E7A4F7556}") = "R5T.T0241", "..\..\R5T.T0241\source\R5T.T0241\R5T.T0241.csproj", "{A4241E36-A01C-461A-BB74-E50AC8040501}"
EndProject
Project("{9A19103F-16F7-4668-BE54-9A1E7A4F7556}") = "R5T.Y0006", "..\..\R5T.Y0006\source\R5T.Y0006\R5T.Y0006.csproj", "{EA3D8D2B-7638-49BA-8CEA-5DF480291516}"
EndProject
Project("{9A19103F-16F7-4668-BE54-9A1E7A4F7556}") = "R5T.Z0010.Platform", "..\..\R5T.Z0010\source\R5T.Z0010.Platform\R5T.Z0010.Platform.csproj", "{28B86520-9046-4169-80D7-CF18502A4146}"
EndProject
Global
	GlobalSection(NestedProjects) = preSolution
		{AB08D3BC-02C1-4D93-8099-6CC09DD48ABD} = {9856F6E1-129A-433C-A67F-DDDDE09AB72A}
		{0BA4A9FF-35E5-4EA2-9960-E4CF4D271C3D} = {9856F6E1-129A-433C-A67F-DDDDE09AB72A}
		{72BD7B3A-5F8F-4443-8E63-363CB0C50EDA} = {9856F6E1-129A-433C-A67F-DDDDE09AB72A}
		{9F1539C8-0774-4DA1-8D2F-F9F10FF63D38} = {9856F6E1-129A-433C-A67F-DDDDE09AB72A}
		{780DC2D2-5AE4-4FA7-85E4-DFFDEAC42609} = {9856F6E1-129A-433C-A67F-DDDDE09AB72A}
		{0E8664E5-52B3-42CB-8F0B-E707A1DEACB8} = {9856F6E1-129A-433C-A67F-DDDDE09AB72A}
		{F48C9564-673A-4D13-AF2E-08FFAA622209} = {9856F6E1-129A-433C-A67F-DDDDE09AB72A}
		{E31739C1-D08E-486A-BD98-8E25853A1681} = {9856F6E1-129A-433C-A67F-DDDDE09AB72A}
		{BC645700-2E35-491E-95EB-FB09F29C37E5} = {9856F6E1-129A-433C-A67F-DDDDE09AB72A}
		{8BDD02E1-D7B2-4F1F-B4E6-46A6FFBD811D} = {9856F6E1-129A-433C-A67F-DDDDE09AB72A}
		{98B03E21-4706-47A1-AF11-767C14D97033} = {9856F6E1-129A-433C-A67F-DDDDE09AB72A}
		{9E7054A4-8022-42F8-9475-1F2FF28CE69E} = {9856F6E1-129A-433C-A67F-DDDDE09AB72A}
		{4FDEE4B9-CC63-47FC-A820-EF2AF06B2A74} = {9856F6E1-129A-433C-A67F-DDDDE09AB72A}
		{56412256-FAC3-4443-B524-1163B57E14B8} = {9856F6E1-129A-433C-A67F-DDDDE09AB72A}
		{AD33DD5B-FEEA-4878-AD4A-17A55A4AF799} = {9856F6E1-129A-433C-A67F-DDDDE09AB72A}
		{2EF4AA12-4070-4C0F-8109-D77FA6B6DF0B} = {9856F6E1-129A-433C-A67F-DDDDE09AB72A}
		{280C3317-53D2-479D-80A2-A5304355F063} = {9856F6E1-129A-433C-A67F-DDDDE09AB72A}
		{5A813583-EA6E-4C90-9592-53CC4D419CB4} = {9856F6E1-129A-433C-A67F-DDDDE09AB72A}
		{D87B5C33-77F1-4F6B-9C46-6C282ED20DA7} = {9856F6E1-129A-433C-A67F-DDDDE09AB72A}
		{E08B1B8A-70BF-431E-B46D-1598DA51FEFA} = {9856F6E1-129A-433C-A67F-DDDDE09AB72A}
		{29D5870F-DECB-43B6-A118-4CD938BB9ACB} = {9856F6E1-129A-433C-A67F-DDDDE09AB72A}
		{D872AEA6-A933-4806-8FBC-64DE4BA0D269} = {9856F6E1-129A-433C-A67F-DDDDE09AB72A}
		{D4206F73-D799-4E90-BFA5-8C08BB21A09C} = {9856F6E1-129A-433C-A67F-DDDDE09AB72A}
		{5EFBFEA7-44AC-4D31-A259-6DEB52BC3CCE} = {9856F6E1-129A-433C-A67F-DDDDE09AB72A}
		{A4241E36-A01C-461A-BB74-E50AC8040501} = {9856F6E1-129A-433C-A67F-DDDDE09AB72A}
		{EA3D8D2B-7638-49BA-8CEA-5DF480291516} = {9856F6E1-129A-433C-A67F-DDDDE09AB72A}
		{28B86520-9046-4169-80D7-CF18502A4146} = {9856F6E1-129A-433C-A67F-DDDDE09AB72A}
	EndGlobalSection
	GlobalSection(SolutionConfigurationPlatforms) = preSolution
		Debug|Any CPU = Debug|Any CPU
		Debug|x64 = Debug|x64
		Debug|x86 = Debug|x86
		Release|Any CPU = Release|Any CPU
		Release|x64 = Release|x64
		Release|x86 = Release|x86
	EndGlobalSection
	GlobalSection(ProjectConfigurationPlatforms) = postSolution
		{4E3B622C-154E-4C7A-AAEE-492438E6DA3B}.Debug|Any CPU.ActiveCfg = Debug|Any CPU
		{4E3B622C-154E-4C7A-AAEE-492438E6DA3B}.Debug|Any CPU.Build.0 = Debug|Any CPU
		{4E3B622C-154E-4C7A-AAEE-492438E6DA3B}.Debug|x64.ActiveCfg = Debug|Any CPU
		{4E3B622C-154E-4C7A-AAEE-492438E6DA3B}.Debug|x64.Build.0 = Debug|Any CPU
		{4E3B622C-154E-4C7A-AAEE-492438E6DA3B}.Debug|x86.ActiveCfg = Debug|Any CPU
		{4E3B622C-154E-4C7A-AAEE-492438E6DA3B}.Debug|x86.Build.0 = Debug|Any CPU
		{4E3B622C-154E-4C7A-AAEE-492438E6DA3B}.Release|Any CPU.ActiveCfg = Release|Any CPU
		{4E3B622C-154E-4C7A-AAEE-492438E6DA3B}.Release|Any CPU.Build.0 = Release|Any CPU
		{4E3B622C-154E-4C7A-AAEE-492438E6DA3B}.Release|x64.ActiveCfg = Release|Any CPU
		{4E3B622C-154E-4C7A-AAEE-492438E6DA3B}.Release|x64.Build.0 = Release|Any CPU
		{4E3B622C-154E-4C7A-AAEE-492438E6DA3B}.Release|x86.ActiveCfg = Release|Any CPU
		{4E3B622C-154E-4C7A-AAEE-492438E6DA3B}.Release|x86.Build.0 = Release|Any CPU
		{8615FC18-123A-448F-B737-8834BC58F229}.Debug|Any CPU.ActiveCfg = Debug|Any CPU
		{8615FC18-123A-448F-B737-8834BC58F229}.Debug|Any CPU.Build.0 = Debug|Any CPU
		{8615FC18-123A-448F-B737-8834BC58F229}.Debug|x64.ActiveCfg = Debug|Any CPU
		{8615FC18-123A-448F-B737-8834BC58F229}.Debug|x64.Build.0 = Debug|Any CPU
		{8615FC18-123A-448F-B737-8834BC58F229}.Debug|x86.ActiveCfg = Debug|Any CPU
		{8615FC18-123A-448F-B737-8834BC58F229}.Debug|x86.Build.0 = Debug|Any CPU
		{8615FC18-123A-448F-B737-8834BC58F229}.Release|Any CPU.ActiveCfg = Release|Any CPU
		{8615FC18-123A-448F-B737-8834BC58F229}.Release|Any CPU.Build.0 = Release|Any CPU
		{8615FC18-123A-448F-B737-8834BC58F229}.Release|x64.ActiveCfg = Release|Any CPU
		{8615FC18-123A-448F-B737-8834BC58F229}.Release|x64.Build.0 = Release|Any CPU
		{8615FC18-123A-448F-B737-8834BC58F229}.Release|x86.ActiveCfg = Release|Any CPU
		{8615FC18-123A-448F-B737-8834BC58F229}.Release|x86.Build.0 = Release|Any CPU
		{AB08D3BC-02C1-4D93-8099-6CC09DD48ABD}.Debug|Any CPU.ActiveCfg = Debug|Any CPU
		{AB08D3BC-02C1-4D93-8099-6CC09DD48ABD}.Debug|Any CPU.Build.0 = Debug|Any CPU
		{AB08D3BC-02C1-4D93-8099-6CC09DD48ABD}.Debug|x64.ActiveCfg = Debug|Any CPU
		{AB08D3BC-02C1-4D93-8099-6CC09DD48ABD}.Debug|x64.Build.0 = Debug|Any CPU
		{AB08D3BC-02C1-4D93-8099-6CC09DD48ABD}.Debug|x86.ActiveCfg = Debug|Any CPU
		{AB08D3BC-02C1-4D93-8099-6CC09DD48ABD}.Debug|x86.Build.0 = Debug|Any CPU
		{AB08D3BC-02C1-4D93-8099-6CC09DD48ABD}.Release|Any CPU.ActiveCfg = Release|Any CPU
		{AB08D3BC-02C1-4D93-8099-6CC09DD48ABD}.Release|Any CPU.Build.0 = Release|Any CPU
		{AB08D3BC-02C1-4D93-8099-6CC09DD48ABD}.Release|x64.ActiveCfg = Release|Any CPU
		{AB08D3BC-02C1-4D93-8099-6CC09DD48ABD}.Release|x64.Build.0 = Release|Any CPU
		{AB08D3BC-02C1-4D93-8099-6CC09DD48ABD}.Release|x86.ActiveCfg = Release|Any CPU
		{AB08D3BC-02C1-4D93-8099-6CC09DD48ABD}.Release|x86.Build.0 = Release|Any CPU
		{0BA4A9FF-35E5-4EA2-9960-E4CF4D271C3D}.Debug|Any CPU.ActiveCfg = Debug|Any CPU
		{0BA4A9FF-35E5-4EA2-9960-E4CF4D271C3D}.Debug|Any CPU.Build.0 = Debug|Any CPU
		{0BA4A9FF-35E5-4EA2-9960-E4CF4D271C3D}.Debug|x64.ActiveCfg = Debug|Any CPU
		{0BA4A9FF-35E5-4EA2-9960-E4CF4D271C3D}.Debug|x64.Build.0 = Debug|Any CPU
		{0BA4A9FF-35E5-4EA2-9960-E4CF4D271C3D}.Debug|x86.ActiveCfg = Debug|Any CPU
		{0BA4A9FF-35E5-4EA2-9960-E4CF4D271C3D}.Debug|x86.Build.0 = Debug|Any CPU
		{0BA4A9FF-35E5-4EA2-9960-E4CF4D271C3D}.Release|Any CPU.ActiveCfg = Release|Any CPU
		{0BA4A9FF-35E5-4EA2-9960-E4CF4D271C3D}.Release|Any CPU.Build.0 = Release|Any CPU
		{0BA4A9FF-35E5-4EA2-9960-E4CF4D271C3D}.Release|x64.ActiveCfg = Release|Any CPU
		{0BA4A9FF-35E5-4EA2-9960-E4CF4D271C3D}.Release|x64.Build.0 = Release|Any CPU
		{0BA4A9FF-35E5-4EA2-9960-E4CF4D271C3D}.Release|x86.ActiveCfg = Release|Any CPU
		{0BA4A9FF-35E5-4EA2-9960-E4CF4D271C3D}.Release|x86.Build.0 = Release|Any CPU
		{72BD7B3A-5F8F-4443-8E63-363CB0C50EDA}.Debug|Any CPU.ActiveCfg = Debug|Any CPU
		{72BD7B3A-5F8F-4443-8E63-363CB0C50EDA}.Debug|Any CPU.Build.0 = Debug|Any CPU
		{72BD7B3A-5F8F-4443-8E63-363CB0C50EDA}.Debug|x64.ActiveCfg = Debug|Any CPU
		{72BD7B3A-5F8F-4443-8E63-363CB0C50EDA}.Debug|x64.Build.0 = Debug|Any CPU
		{72BD7B3A-5F8F-4443-8E63-363CB0C50EDA}.Debug|x86.ActiveCfg = Debug|Any CPU
		{72BD7B3A-5F8F-4443-8E63-363CB0C50EDA}.Debug|x86.Build.0 = Debug|Any CPU
		{72BD7B3A-5F8F-4443-8E63-363CB0C50EDA}.Release|Any CPU.ActiveCfg = Release|Any CPU
		{72BD7B3A-5F8F-4443-8E63-363CB0C50EDA}.Release|Any CPU.Build.0 = Release|Any CPU
		{72BD7B3A-5F8F-4443-8E63-363CB0C50EDA}.Release|x64.ActiveCfg = Release|Any CPU
		{72BD7B3A-5F8F-4443-8E63-363CB0C50EDA}.Release|x64.Build.0 = Release|Any CPU
		{72BD7B3A-5F8F-4443-8E63-363CB0C50EDA}.Release|x86.ActiveCfg = Release|Any CPU
		{72BD7B3A-5F8F-4443-8E63-363CB0C50EDA}.Release|x86.Build.0 = Release|Any CPU
		{9F1539C8-0774-4DA1-8D2F-F9F10FF63D38}.Debug|Any CPU.ActiveCfg = Debug|Any CPU
		{9F1539C8-0774-4DA1-8D2F-F9F10FF63D38}.Debug|Any CPU.Build.0 = Debug|Any CPU
		{9F1539C8-0774-4DA1-8D2F-F9F10FF63D38}.Debug|x64.ActiveCfg = Debug|Any CPU
		{9F1539C8-0774-4DA1-8D2F-F9F10FF63D38}.Debug|x64.Build.0 = Debug|Any CPU
		{9F1539C8-0774-4DA1-8D2F-F9F10FF63D38}.Debug|x86.ActiveCfg = Debug|Any CPU
		{9F1539C8-0774-4DA1-8D2F-F9F10FF63D38}.Debug|x86.Build.0 = Debug|Any CPU
		{9F1539C8-0774-4DA1-8D2F-F9F10FF63D38}.Release|Any CPU.ActiveCfg = Release|Any CPU
		{9F1539C8-0774-4DA1-8D2F-F9F10FF63D38}.Release|Any CPU.Build.0 = Release|Any CPU
		{9F1539C8-0774-4DA1-8D2F-F9F10FF63D38}.Release|x64.ActiveCfg = Release|Any CPU
		{9F1539C8-0774-4DA1-8D2F-F9F10FF63D38}.Release|x64.Build.0 = Release|Any CPU
		{9F1539C8-0774-4DA1-8D2F-F9F10FF63D38}.Release|x86.ActiveCfg = Release|Any CPU
		{9F1539C8-0774-4DA1-8D2F-F9F10FF63D38}.Release|x86.Build.0 = Release|Any CPU
		{780DC2D2-5AE4-4FA7-85E4-DFFDEAC42609}.Debug|Any CPU.ActiveCfg = Debug|Any CPU
		{780DC2D2-5AE4-4FA7-85E4-DFFDEAC42609}.Debug|Any CPU.Build.0 = Debug|Any CPU
		{780DC2D2-5AE4-4FA7-85E4-DFFDEAC42609}.Debug|x64.ActiveCfg = Debug|Any CPU
		{780DC2D2-5AE4-4FA7-85E4-DFFDEAC42609}.Debug|x64.Build.0 = Debug|Any CPU
		{780DC2D2-5AE4-4FA7-85E4-DFFDEAC42609}.Debug|x86.ActiveCfg = Debug|Any CPU
		{780DC2D2-5AE4-4FA7-85E4-DFFDEAC42609}.Debug|x86.Build.0 = Debug|Any CPU
		{780DC2D2-5AE4-4FA7-85E4-DFFDEAC42609}.Release|Any CPU.ActiveCfg = Release|Any CPU
		{780DC2D2-5AE4-4FA7-85E4-DFFDEAC42609}.Release|Any CPU.Build.0 = Release|Any CPU
		{780DC2D2-5AE4-4FA7-85E4-DFFDEAC42609}.Release|x64.ActiveCfg = Release|Any CPU
		{780DC2D2-5AE4-4FA7-85E4-DFFDEAC42609}.Release|x64.Build.0 = Release|Any CPU
		{780DC2D2-5AE4-4FA7-85E4-DFFDEAC42609}.Release|x86.ActiveCfg = Release|Any CPU
		{780DC2D2-5AE4-4FA7-85E4-DFFDEAC42609}.Release|x86.Build.0 = Release|Any CPU
		{0E8664E5-52B3-42CB-8F0B-E707A1DEACB8}.Debug|Any CPU.ActiveCfg = Debug|Any CPU
		{0E8664E5-52B3-42CB-8F0B-E707A1DEACB8}.Debug|Any CPU.Build.0 = Debug|Any CPU
		{0E8664E5-52B3-42CB-8F0B-E707A1DEACB8}.Debug|x64.ActiveCfg = Debug|Any CPU
		{0E8664E5-52B3-42CB-8F0B-E707A1DEACB8}.Debug|x64.Build.0 = Debug|Any CPU
		{0E8664E5-52B3-42CB-8F0B-E707A1DEACB8}.Debug|x86.ActiveCfg = Debug|Any CPU
		{0E8664E5-52B3-42CB-8F0B-E707A1DEACB8}.Debug|x86.Build.0 = Debug|Any CPU
		{0E8664E5-52B3-42CB-8F0B-E707A1DEACB8}.Release|Any CPU.ActiveCfg = Release|Any CPU
		{0E8664E5-52B3-42CB-8F0B-E707A1DEACB8}.Release|Any CPU.Build.0 = Release|Any CPU
		{0E8664E5-52B3-42CB-8F0B-E707A1DEACB8}.Release|x64.ActiveCfg = Release|Any CPU
		{0E8664E5-52B3-42CB-8F0B-E707A1DEACB8}.Release|x64.Build.0 = Release|Any CPU
		{0E8664E5-52B3-42CB-8F0B-E707A1DEACB8}.Release|x86.ActiveCfg = Release|Any CPU
		{0E8664E5-52B3-42CB-8F0B-E707A1DEACB8}.Release|x86.Build.0 = Release|Any CPU
		{F48C9564-673A-4D13-AF2E-08FFAA622209}.Debug|Any CPU.ActiveCfg = Debug|Any CPU
		{F48C9564-673A-4D13-AF2E-08FFAA622209}.Debug|Any CPU.Build.0 = Debug|Any CPU
		{F48C9564-673A-4D13-AF2E-08FFAA622209}.Debug|x64.ActiveCfg = Debug|Any CPU
		{F48C9564-673A-4D13-AF2E-08FFAA622209}.Debug|x64.Build.0 = Debug|Any CPU
		{F48C9564-673A-4D13-AF2E-08FFAA622209}.Debug|x86.ActiveCfg = Debug|Any CPU
		{F48C9564-673A-4D13-AF2E-08FFAA622209}.Debug|x86.Build.0 = Debug|Any CPU
		{F48C9564-673A-4D13-AF2E-08FFAA622209}.Release|Any CPU.ActiveCfg = Release|Any CPU
		{F48C9564-673A-4D13-AF2E-08FFAA622209}.Release|Any CPU.Build.0 = Release|Any CPU
		{F48C9564-673A-4D13-AF2E-08FFAA622209}.Release|x64.ActiveCfg = Release|Any CPU
		{F48C9564-673A-4D13-AF2E-08FFAA622209}.Release|x64.Build.0 = Release|Any CPU
		{F48C9564-673A-4D13-AF2E-08FFAA622209}.Release|x86.ActiveCfg = Release|Any CPU
		{F48C9564-673A-4D13-AF2E-08FFAA622209}.Release|x86.Build.0 = Release|Any CPU
		{E31739C1-D08E-486A-BD98-8E25853A1681}.Debug|Any CPU.ActiveCfg = Debug|Any CPU
		{E31739C1-D08E-486A-BD98-8E25853A1681}.Debug|Any CPU.Build.0 = Debug|Any CPU
		{E31739C1-D08E-486A-BD98-8E25853A1681}.Debug|x64.ActiveCfg = Debug|Any CPU
		{E31739C1-D08E-486A-BD98-8E25853A1681}.Debug|x64.Build.0 = Debug|Any CPU
		{E31739C1-D08E-486A-BD98-8E25853A1681}.Debug|x86.ActiveCfg = Debug|Any CPU
		{E31739C1-D08E-486A-BD98-8E25853A1681}.Debug|x86.Build.0 = Debug|Any CPU
		{E31739C1-D08E-486A-BD98-8E25853A1681}.Release|Any CPU.ActiveCfg = Release|Any CPU
		{E31739C1-D08E-486A-BD98-8E25853A1681}.Release|Any CPU.Build.0 = Release|Any CPU
		{E31739C1-D08E-486A-BD98-8E25853A1681}.Release|x64.ActiveCfg = Release|Any CPU
		{E31739C1-D08E-486A-BD98-8E25853A1681}.Release|x64.Build.0 = Release|Any CPU
		{E31739C1-D08E-486A-BD98-8E25853A1681}.Release|x86.ActiveCfg = Release|Any CPU
		{E31739C1-D08E-486A-BD98-8E25853A1681}.Release|x86.Build.0 = Release|Any CPU
		{BC645700-2E35-491E-95EB-FB09F29C37E5}.Debug|Any CPU.ActiveCfg = Debug|Any CPU
		{BC645700-2E35-491E-95EB-FB09F29C37E5}.Debug|Any CPU.Build.0 = Debug|Any CPU
		{BC645700-2E35-491E-95EB-FB09F29C37E5}.Debug|x64.ActiveCfg = Debug|Any CPU
		{BC645700-2E35-491E-95EB-FB09F29C37E5}.Debug|x64.Build.0 = Debug|Any CPU
		{BC645700-2E35-491E-95EB-FB09F29C37E5}.Debug|x86.ActiveCfg = Debug|Any CPU
		{BC645700-2E35-491E-95EB-FB09F29C37E5}.Debug|x86.Build.0 = Debug|Any CPU
		{BC645700-2E35-491E-95EB-FB09F29C37E5}.Release|Any CPU.ActiveCfg = Release|Any CPU
		{BC645700-2E35-491E-95EB-FB09F29C37E5}.Release|Any CPU.Build.0 = Release|Any CPU
		{BC645700-2E35-491E-95EB-FB09F29C37E5}.Release|x64.ActiveCfg = Release|Any CPU
		{BC645700-2E35-491E-95EB-FB09F29C37E5}.Release|x64.Build.0 = Release|Any CPU
		{BC645700-2E35-491E-95EB-FB09F29C37E5}.Release|x86.ActiveCfg = Release|Any CPU
		{BC645700-2E35-491E-95EB-FB09F29C37E5}.Release|x86.Build.0 = Release|Any CPU
		{8BDD02E1-D7B2-4F1F-B4E6-46A6FFBD811D}.Debug|Any CPU.ActiveCfg = Debug|Any CPU
		{8BDD02E1-D7B2-4F1F-B4E6-46A6FFBD811D}.Debug|Any CPU.Build.0 = Debug|Any CPU
		{8BDD02E1-D7B2-4F1F-B4E6-46A6FFBD811D}.Debug|x64.ActiveCfg = Debug|Any CPU
		{8BDD02E1-D7B2-4F1F-B4E6-46A6FFBD811D}.Debug|x64.Build.0 = Debug|Any CPU
		{8BDD02E1-D7B2-4F1F-B4E6-46A6FFBD811D}.Debug|x86.ActiveCfg = Debug|Any CPU
		{8BDD02E1-D7B2-4F1F-B4E6-46A6FFBD811D}.Debug|x86.Build.0 = Debug|Any CPU
		{8BDD02E1-D7B2-4F1F-B4E6-46A6FFBD811D}.Release|Any CPU.ActiveCfg = Release|Any CPU
		{8BDD02E1-D7B2-4F1F-B4E6-46A6FFBD811D}.Release|Any CPU.Build.0 = Release|Any CPU
		{8BDD02E1-D7B2-4F1F-B4E6-46A6FFBD811D}.Release|x64.ActiveCfg = Release|Any CPU
		{8BDD02E1-D7B2-4F1F-B4E6-46A6FFBD811D}.Release|x64.Build.0 = Release|Any CPU
		{8BDD02E1-D7B2-4F1F-B4E6-46A6FFBD811D}.Release|x86.ActiveCfg = Release|Any CPU
		{8BDD02E1-D7B2-4F1F-B4E6-46A6FFBD811D}.Release|x86.Build.0 = Release|Any CPU
		{98B03E21-4706-47A1-AF11-767C14D97033}.Debug|Any CPU.ActiveCfg = Debug|Any CPU
		{98B03E21-4706-47A1-AF11-767C14D97033}.Debug|Any CPU.Build.0 = Debug|Any CPU
		{98B03E21-4706-47A1-AF11-767C14D97033}.Debug|x64.ActiveCfg = Debug|Any CPU
		{98B03E21-4706-47A1-AF11-767C14D97033}.Debug|x64.Build.0 = Debug|Any CPU
		{98B03E21-4706-47A1-AF11-767C14D97033}.Debug|x86.ActiveCfg = Debug|Any CPU
		{98B03E21-4706-47A1-AF11-767C14D97033}.Debug|x86.Build.0 = Debug|Any CPU
		{98B03E21-4706-47A1-AF11-767C14D97033}.Release|Any CPU.ActiveCfg = Release|Any CPU
		{98B03E21-4706-47A1-AF11-767C14D97033}.Release|Any CPU.Build.0 = Release|Any CPU
		{98B03E21-4706-47A1-AF11-767C14D97033}.Release|x64.ActiveCfg = Release|Any CPU
		{98B03E21-4706-47A1-AF11-767C14D97033}.Release|x64.Build.0 = Release|Any CPU
		{98B03E21-4706-47A1-AF11-767C14D97033}.Release|x86.ActiveCfg = Release|Any CPU
		{98B03E21-4706-47A1-AF11-767C14D97033}.Release|x86.Build.0 = Release|Any CPU
		{9E7054A4-8022-42F8-9475-1F2FF28CE69E}.Debug|Any CPU.ActiveCfg = Debug|Any CPU
		{9E7054A4-8022-42F8-9475-1F2FF28CE69E}.Debug|Any CPU.Build.0 = Debug|Any CPU
		{9E7054A4-8022-42F8-9475-1F2FF28CE69E}.Debug|x64.ActiveCfg = Debug|Any CPU
		{9E7054A4-8022-42F8-9475-1F2FF28CE69E}.Debug|x64.Build.0 = Debug|Any CPU
		{9E7054A4-8022-42F8-9475-1F2FF28CE69E}.Debug|x86.ActiveCfg = Debug|Any CPU
		{9E7054A4-8022-42F8-9475-1F2FF28CE69E}.Debug|x86.Build.0 = Debug|Any CPU
		{9E7054A4-8022-42F8-9475-1F2FF28CE69E}.Release|Any CPU.ActiveCfg = Release|Any CPU
		{9E7054A4-8022-42F8-9475-1F2FF28CE69E}.Release|Any CPU.Build.0 = Release|Any CPU
		{9E7054A4-8022-42F8-9475-1F2FF28CE69E}.Release|x64.ActiveCfg = Release|Any CPU
		{9E7054A4-8022-42F8-9475-1F2FF28CE69E}.Release|x64.Build.0 = Release|Any CPU
		{9E7054A4-8022-42F8-9475-1F2FF28CE69E}.Release|x86.ActiveCfg = Release|Any CPU
		{9E7054A4-8022-42F8-9475-1F2FF28CE69E}.Release|x86.Build.0 = Release|Any CPU
		{4FDEE4B9-CC63-47FC-A820-EF2AF06B2A74}.Debug|Any CPU.ActiveCfg = Debug|Any CPU
		{4FDEE4B9-CC63-47FC-A820-EF2AF06B2A74}.Debug|Any CPU.Build.0 = Debug|Any CPU
		{4FDEE4B9-CC63-47FC-A820-EF2AF06B2A74}.Debug|x64.ActiveCfg = Debug|Any CPU
		{4FDEE4B9-CC63-47FC-A820-EF2AF06B2A74}.Debug|x64.Build.0 = Debug|Any CPU
		{4FDEE4B9-CC63-47FC-A820-EF2AF06B2A74}.Debug|x86.ActiveCfg = Debug|Any CPU
		{4FDEE4B9-CC63-47FC-A820-EF2AF06B2A74}.Debug|x86.Build.0 = Debug|Any CPU
		{4FDEE4B9-CC63-47FC-A820-EF2AF06B2A74}.Release|Any CPU.ActiveCfg = Release|Any CPU
		{4FDEE4B9-CC63-47FC-A820-EF2AF06B2A74}.Release|Any CPU.Build.0 = Release|Any CPU
		{4FDEE4B9-CC63-47FC-A820-EF2AF06B2A74}.Release|x64.ActiveCfg = Release|Any CPU
		{4FDEE4B9-CC63-47FC-A820-EF2AF06B2A74}.Release|x64.Build.0 = Release|Any CPU
		{4FDEE4B9-CC63-47FC-A820-EF2AF06B2A74}.Release|x86.ActiveCfg = Release|Any CPU
		{4FDEE4B9-CC63-47FC-A820-EF2AF06B2A74}.Release|x86.Build.0 = Release|Any CPU
		{56412256-FAC3-4443-B524-1163B57E14B8}.Debug|Any CPU.ActiveCfg = Debug|Any CPU
		{56412256-FAC3-4443-B524-1163B57E14B8}.Debug|Any CPU.Build.0 = Debug|Any CPU
		{56412256-FAC3-4443-B524-1163B57E14B8}.Debug|x64.ActiveCfg = Debug|Any CPU
		{56412256-FAC3-4443-B524-1163B57E14B8}.Debug|x64.Build.0 = Debug|Any CPU
		{56412256-FAC3-4443-B524-1163B57E14B8}.Debug|x86.ActiveCfg = Debug|Any CPU
		{56412256-FAC3-4443-B524-1163B57E14B8}.Debug|x86.Build.0 = Debug|Any CPU
		{56412256-FAC3-4443-B524-1163B57E14B8}.Release|Any CPU.ActiveCfg = Release|Any CPU
		{56412256-FAC3-4443-B524-1163B57E14B8}.Release|Any CPU.Build.0 = Release|Any CPU
		{56412256-FAC3-4443-B524-1163B57E14B8}.Release|x64.ActiveCfg = Release|Any CPU
		{56412256-FAC3-4443-B524-1163B57E14B8}.Release|x64.Build.0 = Release|Any CPU
		{56412256-FAC3-4443-B524-1163B57E14B8}.Release|x86.ActiveCfg = Release|Any CPU
		{56412256-FAC3-4443-B524-1163B57E14B8}.Release|x86.Build.0 = Release|Any CPU
		{AD33DD5B-FEEA-4878-AD4A-17A55A4AF799}.Debug|Any CPU.ActiveCfg = Debug|Any CPU
		{AD33DD5B-FEEA-4878-AD4A-17A55A4AF799}.Debug|Any CPU.Build.0 = Debug|Any CPU
		{AD33DD5B-FEEA-4878-AD4A-17A55A4AF799}.Debug|x64.ActiveCfg = Debug|Any CPU
		{AD33DD5B-FEEA-4878-AD4A-17A55A4AF799}.Debug|x64.Build.0 = Debug|Any CPU
		{AD33DD5B-FEEA-4878-AD4A-17A55A4AF799}.Debug|x86.ActiveCfg = Debug|Any CPU
		{AD33DD5B-FEEA-4878-AD4A-17A55A4AF799}.Debug|x86.Build.0 = Debug|Any CPU
		{AD33DD5B-FEEA-4878-AD4A-17A55A4AF799}.Release|Any CPU.ActiveCfg = Release|Any CPU
		{AD33DD5B-FEEA-4878-AD4A-17A55A4AF799}.Release|Any CPU.Build.0 = Release|Any CPU
		{AD33DD5B-FEEA-4878-AD4A-17A55A4AF799}.Release|x64.ActiveCfg = Release|Any CPU
		{AD33DD5B-FEEA-4878-AD4A-17A55A4AF799}.Release|x64.Build.0 = Release|Any CPU
		{AD33DD5B-FEEA-4878-AD4A-17A55A4AF799}.Release|x86.ActiveCfg = Release|Any CPU
		{AD33DD5B-FEEA-4878-AD4A-17A55A4AF799}.Release|x86.Build.0 = Release|Any CPU
		{2EF4AA12-4070-4C0F-8109-D77FA6B6DF0B}.Debug|Any CPU.ActiveCfg = Debug|Any CPU
		{2EF4AA12-4070-4C0F-8109-D77FA6B6DF0B}.Debug|Any CPU.Build.0 = Debug|Any CPU
		{2EF4AA12-4070-4C0F-8109-D77FA6B6DF0B}.Debug|x64.ActiveCfg = Debug|Any CPU
		{2EF4AA12-4070-4C0F-8109-D77FA6B6DF0B}.Debug|x64.Build.0 = Debug|Any CPU
		{2EF4AA12-4070-4C0F-8109-D77FA6B6DF0B}.Debug|x86.ActiveCfg = Debug|Any CPU
		{2EF4AA12-4070-4C0F-8109-D77FA6B6DF0B}.Debug|x86.Build.0 = Debug|Any CPU
		{2EF4AA12-4070-4C0F-8109-D77FA6B6DF0B}.Release|Any CPU.ActiveCfg = Release|Any CPU
		{2EF4AA12-4070-4C0F-8109-D77FA6B6DF0B}.Release|Any CPU.Build.0 = Release|Any CPU
		{2EF4AA12-4070-4C0F-8109-D77FA6B6DF0B}.Release|x64.ActiveCfg = Release|Any CPU
		{2EF4AA12-4070-4C0F-8109-D77FA6B6DF0B}.Release|x64.Build.0 = Release|Any CPU
		{2EF4AA12-4070-4C0F-8109-D77FA6B6DF0B}.Release|x86.ActiveCfg = Release|Any CPU
		{2EF4AA12-4070-4C0F-8109-D77FA6B6DF0B}.Release|x86.Build.0 = Release|Any CPU
		{280C3317-53D2-479D-80A2-A5304355F063}.Debug|Any CPU.ActiveCfg = Debug|Any CPU
		{280C3317-53D2-479D-80A2-A5304355F063}.Debug|Any CPU.Build.0 = Debug|Any CPU
		{280C3317-53D2-479D-80A2-A5304355F063}.Debug|x64.ActiveCfg = Debug|Any CPU
		{280C3317-53D2-479D-80A2-A5304355F063}.Debug|x64.Build.0 = Debug|Any CPU
		{280C3317-53D2-479D-80A2-A5304355F063}.Debug|x86.ActiveCfg = Debug|Any CPU
		{280C3317-53D2-479D-80A2-A5304355F063}.Debug|x86.Build.0 = Debug|Any CPU
		{280C3317-53D2-479D-80A2-A5304355F063}.Release|Any CPU.ActiveCfg = Release|Any CPU
		{280C3317-53D2-479D-80A2-A5304355F063}.Release|Any CPU.Build.0 = Release|Any CPU
		{280C3317-53D2-479D-80A2-A5304355F063}.Release|x64.ActiveCfg = Release|Any CPU
		{280C3317-53D2-479D-80A2-A5304355F063}.Release|x64.Build.0 = Release|Any CPU
		{280C3317-53D2-479D-80A2-A5304355F063}.Release|x86.ActiveCfg = Release|Any CPU
		{280C3317-53D2-479D-80A2-A5304355F063}.Release|x86.Build.0 = Release|Any CPU
		{5A813583-EA6E-4C90-9592-53CC4D419CB4}.Debug|Any CPU.ActiveCfg = Debug|Any CPU
		{5A813583-EA6E-4C90-9592-53CC4D419CB4}.Debug|Any CPU.Build.0 = Debug|Any CPU
		{5A813583-EA6E-4C90-9592-53CC4D419CB4}.Debug|x64.ActiveCfg = Debug|Any CPU
		{5A813583-EA6E-4C90-9592-53CC4D419CB4}.Debug|x64.Build.0 = Debug|Any CPU
		{5A813583-EA6E-4C90-9592-53CC4D419CB4}.Debug|x86.ActiveCfg = Debug|Any CPU
		{5A813583-EA6E-4C90-9592-53CC4D419CB4}.Debug|x86.Build.0 = Debug|Any CPU
		{5A813583-EA6E-4C90-9592-53CC4D419CB4}.Release|Any CPU.ActiveCfg = Release|Any CPU
		{5A813583-EA6E-4C90-9592-53CC4D419CB4}.Release|Any CPU.Build.0 = Release|Any CPU
		{5A813583-EA6E-4C90-9592-53CC4D419CB4}.Release|x64.ActiveCfg = Release|Any CPU
		{5A813583-EA6E-4C90-9592-53CC4D419CB4}.Release|x64.Build.0 = Release|Any CPU
		{5A813583-EA6E-4C90-9592-53CC4D419CB4}.Release|x86.ActiveCfg = Release|Any CPU
		{5A813583-EA6E-4C90-9592-53CC4D419CB4}.Release|x86.Build.0 = Release|Any CPU
		{D87B5C33-77F1-4F6B-9C46-6C282ED20DA7}.Debug|Any CPU.ActiveCfg = Debug|Any CPU
		{D87B5C33-77F1-4F6B-9C46-6C282ED20DA7}.Debug|Any CPU.Build.0 = Debug|Any CPU
		{D87B5C33-77F1-4F6B-9C46-6C282ED20DA7}.Debug|x64.ActiveCfg = Debug|Any CPU
		{D87B5C33-77F1-4F6B-9C46-6C282ED20DA7}.Debug|x64.Build.0 = Debug|Any CPU
		{D87B5C33-77F1-4F6B-9C46-6C282ED20DA7}.Debug|x86.ActiveCfg = Debug|Any CPU
		{D87B5C33-77F1-4F6B-9C46-6C282ED20DA7}.Debug|x86.Build.0 = Debug|Any CPU
		{D87B5C33-77F1-4F6B-9C46-6C282ED20DA7}.Release|Any CPU.ActiveCfg = Release|Any CPU
		{D87B5C33-77F1-4F6B-9C46-6C282ED20DA7}.Release|Any CPU.Build.0 = Release|Any CPU
		{D87B5C33-77F1-4F6B-9C46-6C282ED20DA7}.Release|x64.ActiveCfg = Release|Any CPU
		{D87B5C33-77F1-4F6B-9C46-6C282ED20DA7}.Release|x64.Build.0 = Release|Any CPU
		{D87B5C33-77F1-4F6B-9C46-6C282ED20DA7}.Release|x86.ActiveCfg = Release|Any CPU
		{D87B5C33-77F1-4F6B-9C46-6C282ED20DA7}.Release|x86.Build.0 = Release|Any CPU
		{E08B1B8A-70BF-431E-B46D-1598DA51FEFA}.Debug|Any CPU.ActiveCfg = Debug|Any CPU
		{E08B1B8A-70BF-431E-B46D-1598DA51FEFA}.Debug|Any CPU.Build.0 = Debug|Any CPU
		{E08B1B8A-70BF-431E-B46D-1598DA51FEFA}.Debug|x64.ActiveCfg = Debug|Any CPU
		{E08B1B8A-70BF-431E-B46D-1598DA51FEFA}.Debug|x64.Build.0 = Debug|Any CPU
		{E08B1B8A-70BF-431E-B46D-1598DA51FEFA}.Debug|x86.ActiveCfg = Debug|Any CPU
		{E08B1B8A-70BF-431E-B46D-1598DA51FEFA}.Debug|x86.Build.0 = Debug|Any CPU
		{E08B1B8A-70BF-431E-B46D-1598DA51FEFA}.Release|Any CPU.ActiveCfg = Release|Any CPU
		{E08B1B8A-70BF-431E-B46D-1598DA51FEFA}.Release|Any CPU.Build.0 = Release|Any CPU
		{E08B1B8A-70BF-431E-B46D-1598DA51FEFA}.Release|x64.ActiveCfg = Release|Any CPU
		{E08B1B8A-70BF-431E-B46D-1598DA51FEFA}.Release|x64.Build.0 = Release|Any CPU
		{E08B1B8A-70BF-431E-B46D-1598DA51FEFA}.Release|x86.ActiveCfg = Release|Any CPU
		{E08B1B8A-70BF-431E-B46D-1598DA51FEFA}.Release|x86.Build.0 = Release|Any CPU
		{29D5870F-DECB-43B6-A118-4CD938BB9ACB}.Debug|Any CPU.ActiveCfg = Debug|Any CPU
		{29D5870F-DECB-43B6-A118-4CD938BB9ACB}.Debug|Any CPU.Build.0 = Debug|Any CPU
		{29D5870F-DECB-43B6-A118-4CD938BB9ACB}.Debug|x64.ActiveCfg = Debug|Any CPU
		{29D5870F-DECB-43B6-A118-4CD938BB9ACB}.Debug|x64.Build.0 = Debug|Any CPU
		{29D5870F-DECB-43B6-A118-4CD938BB9ACB}.Debug|x86.ActiveCfg = Debug|Any CPU
		{29D5870F-DECB-43B6-A118-4CD938BB9ACB}.Debug|x86.Build.0 = Debug|Any CPU
		{29D5870F-DECB-43B6-A118-4CD938BB9ACB}.Release|Any CPU.ActiveCfg = Release|Any CPU
		{29D5870F-DECB-43B6-A118-4CD938BB9ACB}.Release|Any CPU.Build.0 = Release|Any CPU
		{29D5870F-DECB-43B6-A118-4CD938BB9ACB}.Release|x64.ActiveCfg = Release|Any CPU
		{29D5870F-DECB-43B6-A118-4CD938BB9ACB}.Release|x64.Build.0 = Release|Any CPU
		{29D5870F-DECB-43B6-A118-4CD938BB9ACB}.Release|x86.ActiveCfg = Release|Any CPU
		{29D5870F-DECB-43B6-A118-4CD938BB9ACB}.Release|x86.Build.0 = Release|Any CPU
		{D872AEA6-A933-4806-8FBC-64DE4BA0D269}.Debug|Any CPU.ActiveCfg = Debug|Any CPU
		{D872AEA6-A933-4806-8FBC-64DE4BA0D269}.Debug|Any CPU.Build.0 = Debug|Any CPU
		{D872AEA6-A933-4806-8FBC-64DE4BA0D269}.Debug|x64.ActiveCfg = Debug|Any CPU
		{D872AEA6-A933-4806-8FBC-64DE4BA0D269}.Debug|x64.Build.0 = Debug|Any CPU
		{D872AEA6-A933-4806-8FBC-64DE4BA0D269}.Debug|x86.ActiveCfg = Debug|Any CPU
		{D872AEA6-A933-4806-8FBC-64DE4BA0D269}.Debug|x86.Build.0 = Debug|Any CPU
		{D872AEA6-A933-4806-8FBC-64DE4BA0D269}.Release|Any CPU.ActiveCfg = Release|Any CPU
		{D872AEA6-A933-4806-8FBC-64DE4BA0D269}.Release|Any CPU.Build.0 = Release|Any CPU
		{D872AEA6-A933-4806-8FBC-64DE4BA0D269}.Release|x64.ActiveCfg = Release|Any CPU
		{D872AEA6-A933-4806-8FBC-64DE4BA0D269}.Release|x64.Build.0 = Release|Any CPU
		{D872AEA6-A933-4806-8FBC-64DE4BA0D269}.Release|x86.ActiveCfg = Release|Any CPU
		{D872AEA6-A933-4806-8FBC-64DE4BA0D269}.Release|x86.Build.0 = Release|Any CPU
		{D4206F73-D799-4E90-BFA5-8C08BB21A09C}.Debug|Any CPU.ActiveCfg = Debug|Any CPU
		{D4206F73-D799-4E90-BFA5-8C08BB21A09C}.Debug|Any CPU.Build.0 = Debug|Any CPU
		{D4206F73-D799-4E90-BFA5-8C08BB21A09C}.Debug|x64.ActiveCfg = Debug|Any CPU
		{D4206F73-D799-4E90-BFA5-8C08BB21A09C}.Debug|x64.Build.0 = Debug|Any CPU
		{D4206F73-D799-4E90-BFA5-8C08BB21A09C}.Debug|x86.ActiveCfg = Debug|Any CPU
		{D4206F73-D799-4E90-BFA5-8C08BB21A09C}.Debug|x86.Build.0 = Debug|Any CPU
		{D4206F73-D799-4E90-BFA5-8C08BB21A09C}.Release|Any CPU.ActiveCfg = Release|Any CPU
		{D4206F73-D799-4E90-BFA5-8C08BB21A09C}.Release|Any CPU.Build.0 = Release|Any CPU
		{D4206F73-D799-4E90-BFA5-8C08BB21A09C}.Release|x64.ActiveCfg = Release|Any CPU
		{D4206F73-D799-4E90-BFA5-8C08BB21A09C}.Release|x64.Build.0 = Release|Any CPU
		{D4206F73-D799-4E90-BFA5-8C08BB21A09C}.Release|x86.ActiveCfg = Release|Any CPU
		{D4206F73-D799-4E90-BFA5-8C08BB21A09C}.Release|x86.Build.0 = Release|Any CPU
		{5EFBFEA7-44AC-4D31-A259-6DEB52BC3CCE}.Debug|Any CPU.ActiveCfg = Debug|Any CPU
		{5EFBFEA7-44AC-4D31-A259-6DEB52BC3CCE}.Debug|Any CPU.Build.0 = Debug|Any CPU
		{5EFBFEA7-44AC-4D31-A259-6DEB52BC3CCE}.Debug|x64.ActiveCfg = Debug|Any CPU
		{5EFBFEA7-44AC-4D31-A259-6DEB52BC3CCE}.Debug|x64.Build.0 = Debug|Any CPU
		{5EFBFEA7-44AC-4D31-A259-6DEB52BC3CCE}.Debug|x86.ActiveCfg = Debug|Any CPU
		{5EFBFEA7-44AC-4D31-A259-6DEB52BC3CCE}.Debug|x86.Build.0 = Debug|Any CPU
		{5EFBFEA7-44AC-4D31-A259-6DEB52BC3CCE}.Release|Any CPU.ActiveCfg = Release|Any CPU
		{5EFBFEA7-44AC-4D31-A259-6DEB52BC3CCE}.Release|Any CPU.Build.0 = Release|Any CPU
		{5EFBFEA7-44AC-4D31-A259-6DEB52BC3CCE}.Release|x64.ActiveCfg = Release|Any CPU
		{5EFBFEA7-44AC-4D31-A259-6DEB52BC3CCE}.Release|x64.Build.0 = Release|Any CPU
		{5EFBFEA7-44AC-4D31-A259-6DEB52BC3CCE}.Release|x86.ActiveCfg = Release|Any CPU
		{5EFBFEA7-44AC-4D31-A259-6DEB52BC3CCE}.Release|x86.Build.0 = Release|Any CPU
		{A4241E36-A01C-461A-BB74-E50AC8040501}.Debug|Any CPU.ActiveCfg = Debug|Any CPU
		{A4241E36-A01C-461A-BB74-E50AC8040501}.Debug|Any CPU.Build.0 = Debug|Any CPU
		{A4241E36-A01C-461A-BB74-E50AC8040501}.Debug|x64.ActiveCfg = Debug|Any CPU
		{A4241E36-A01C-461A-BB74-E50AC8040501}.Debug|x64.Build.0 = Debug|Any CPU
		{A4241E36-A01C-461A-BB74-E50AC8040501}.Debug|x86.ActiveCfg = Debug|Any CPU
		{A4241E36-A01C-461A-BB74-E50AC8040501}.Debug|x86.Build.0 = Debug|Any CPU
		{A4241E36-A01C-461A-BB74-E50AC8040501}.Release|Any CPU.ActiveCfg = Release|Any CPU
		{A4241E36-A01C-461A-BB74-E50AC8040501}.Release|Any CPU.Build.0 = Release|Any CPU
		{A4241E36-A01C-461A-BB74-E50AC8040501}.Release|x64.ActiveCfg = Release|Any CPU
		{A4241E36-A01C-461A-BB74-E50AC8040501}.Release|x64.Build.0 = Release|Any CPU
		{A4241E36-A01C-461A-BB74-E50AC8040501}.Release|x86.ActiveCfg = Release|Any CPU
		{A4241E36-A01C-461A-BB74-E50AC8040501}.Release|x86.Build.0 = Release|Any CPU
		{EA3D8D2B-7638-49BA-8CEA-5DF480291516}.Debug|Any CPU.ActiveCfg = Debug|Any CPU
		{EA3D8D2B-7638-49BA-8CEA-5DF480291516}.Debug|Any CPU.Build.0 = Debug|Any CPU
		{EA3D8D2B-7638-49BA-8CEA-5DF480291516}.Debug|x64.ActiveCfg = Debug|Any CPU
		{EA3D8D2B-7638-49BA-8CEA-5DF480291516}.Debug|x64.Build.0 = Debug|Any CPU
		{EA3D8D2B-7638-49BA-8CEA-5DF480291516}.Debug|x86.ActiveCfg = Debug|Any CPU
		{EA3D8D2B-7638-49BA-8CEA-5DF480291516}.Debug|x86.Build.0 = Debug|Any CPU
		{EA3D8D2B-7638-49BA-8CEA-5DF480291516}.Release|Any CPU.ActiveCfg = Release|Any CPU
		{EA3D8D2B-7638-49BA-8CEA-5DF480291516}.Release|Any CPU.Build.0 = Release|Any CPU
		{EA3D8D2B-7638-49BA-8CEA-5DF480291516}.Release|x64.ActiveCfg = Release|Any CPU
		{EA3D8D2B-7638-49BA-8CEA-5DF480291516}.Release|x64.Build.0 = Release|Any CPU
		{EA3D8D2B-7638-49BA-8CEA-5DF480291516}.Release|x86.ActiveCfg = Release|Any CPU
		{EA3D8D2B-7638-49BA-8CEA-5DF480291516}.Release|x86.Build.0 = Release|Any CPU
		{28B86520-9046-4169-80D7-CF18502A4146}.Debug|Any CPU.ActiveCfg = Debug|Any CPU
		{28B86520-9046-4169-80D7-CF18502A4146}.Debug|Any CPU.Build.0 = Debug|Any CPU
		{28B86520-9046-4169-80D7-CF18502A4146}.Debug|x64.ActiveCfg = Debug|Any CPU
		{28B86520-9046-4169-80D7-CF18502A4146}.Debug|x64.Build.0 = Debug|Any CPU
		{28B86520-9046-4169-80D7-CF18502A4146}.Debug|x86.ActiveCfg = Debug|Any CPU
		{28B86520-9046-4169-80D7-CF18502A4146}.Debug|x86.Build.0 = Debug|Any CPU
		{28B86520-9046-4169-80D7-CF18502A4146}.Release|Any CPU.ActiveCfg = Release|Any CPU
		{28B86520-9046-4169-80D7-CF18502A4146}.Release|Any CPU.Build.0 = Release|Any CPU
		{28B86520-9046-4169-80D7-CF18502A4146}.Release|x64.ActiveCfg = Release|Any CPU
		{28B86520-9046-4169-80D7-CF18502A4146}.Release|x64.Build.0 = Release|Any CPU
		{28B86520-9046-4169-80D7-CF18502A4146}.Release|x86.ActiveCfg = Release|Any CPU
		{28B86520-9046-4169-80D7-CF18502A4146}.Release|x86.Build.0 = Release|Any CPU
	EndGlobalSection
	GlobalSection(SolutionProperties) = preSolution
		HideSolutionNode = FALSE
	EndGlobalSection
EndGlobal
